// !$*UTF8*$!
{
	archiveVersion = 1;
	classes = {
	};
	objectVersion = 56;
	objects = {

/* Begin PBXBuildFile section */
		4631EE5229049BE7009FF80E /* AppDelegate.swift in Sources */ = {isa = PBXBuildFile; fileRef = 4631EE5129049BE7009FF80E /* AppDelegate.swift */; };
		4631EE5429049BE7009FF80E /* SceneDelegate.swift in Sources */ = {isa = PBXBuildFile; fileRef = 4631EE5329049BE7009FF80E /* SceneDelegate.swift */; };
		4631EE5629049BE7009FF80E /* ViewController.swift in Sources */ = {isa = PBXBuildFile; fileRef = 4631EE5529049BE7009FF80E /* ViewController.swift */; };
		4631EE5929049BE7009FF80E /* Main.storyboard in Resources */ = {isa = PBXBuildFile; fileRef = 4631EE5729049BE7009FF80E /* Main.storyboard */; };
		4631EE5B29049BE9009FF80E /* Assets.xcassets in Resources */ = {isa = PBXBuildFile; fileRef = 4631EE5A29049BE9009FF80E /* Assets.xcassets */; };
		4631EE5E29049BE9009FF80E /* LaunchScreen.storyboard in Resources */ = {isa = PBXBuildFile; fileRef = 4631EE5C29049BE9009FF80E /* LaunchScreen.storyboard */; };
		4631EE662904A465009FF80E /* GoogleService-Info.plist in Resources */ = {isa = PBXBuildFile; fileRef = 4631EE652904A465009FF80E /* GoogleService-Info.plist */; };
		4631EE6A2904A750009FF80E /* FirebaseAnalytics in Frameworks */ = {isa = PBXBuildFile; productRef = 4631EE692904A750009FF80E /* FirebaseAnalytics */; };
		4631EE6C2904A750009FF80E /* FirebaseAuth in Frameworks */ = {isa = PBXBuildFile; productRef = 4631EE6B2904A750009FF80E /* FirebaseAuth */; };
		4631EE6E2904A750009FF80E /* FirebaseDatabase in Frameworks */ = {isa = PBXBuildFile; productRef = 4631EE6D2904A750009FF80E /* FirebaseDatabase */; };
		4631EE702904A750009FF80E /* FirebaseFirestore in Frameworks */ = {isa = PBXBuildFile; productRef = 4631EE6F2904A750009FF80E /* FirebaseFirestore */; };
		4631EE732904A9BD009FF80E /* StringExtensions.swift in Sources */ = {isa = PBXBuildFile; fileRef = 4631EE722904A9BD009FF80E /* StringExtensions.swift */; };
/* End PBXBuildFile section */

/* Begin PBXFileReference section */
		4631EE4E29049BE7009FF80E /* EquipmentMaintainance.app */ = {isa = PBXFileReference; explicitFileType = wrapper.application; includeInIndex = 0; path = EquipmentMaintainance.app; sourceTree = BUILT_PRODUCTS_DIR; };
		4631EE5129049BE7009FF80E /* AppDelegate.swift */ = {isa = PBXFileReference; lastKnownFileType = sourcecode.swift; path = AppDelegate.swift; sourceTree = "<group>"; };
		4631EE5329049BE7009FF80E /* SceneDelegate.swift */ = {isa = PBXFileReference; lastKnownFileType = sourcecode.swift; path = SceneDelegate.swift; sourceTree = "<group>"; };
		4631EE5529049BE7009FF80E /* ViewController.swift */ = {isa = PBXFileReference; lastKnownFileType = sourcecode.swift; path = ViewController.swift; sourceTree = "<group>"; };
		4631EE5829049BE7009FF80E /* Base */ = {isa = PBXFileReference; lastKnownFileType = file.storyboard; name = Base; path = Base.lproj/Main.storyboard; sourceTree = "<group>"; };
		4631EE5A29049BE9009FF80E /* Assets.xcassets */ = {isa = PBXFileReference; lastKnownFileType = folder.assetcatalog; path = Assets.xcassets; sourceTree = "<group>"; };
		4631EE5D29049BE9009FF80E /* Base */ = {isa = PBXFileReference; lastKnownFileType = file.storyboard; name = Base; path = Base.lproj/LaunchScreen.storyboard; sourceTree = "<group>"; };
		4631EE5F29049BE9009FF80E /* Info.plist */ = {isa = PBXFileReference; lastKnownFileType = text.plist.xml; path = Info.plist; sourceTree = "<group>"; };
		4631EE652904A465009FF80E /* GoogleService-Info.plist */ = {isa = PBXFileReference; fileEncoding = 4; lastKnownFileType = text.plist.xml; name = "GoogleService-Info.plist"; path = "../../../../../Downloads/GoogleService-Info.plist"; sourceTree = "<group>"; };
		4631EE722904A9BD009FF80E /* StringExtensions.swift */ = {isa = PBXFileReference; lastKnownFileType = sourcecode.swift; path = StringExtensions.swift; sourceTree = "<group>"; };
/* End PBXFileReference section */

/* Begin PBXFrameworksBuildPhase section */
		4631EE4B29049BE7009FF80E /* Frameworks */ = {
			isa = PBXFrameworksBuildPhase;
			buildActionMask = 2147483647;
			files = (
				4631EE6E2904A750009FF80E /* FirebaseDatabase in Frameworks */,
				4631EE702904A750009FF80E /* FirebaseFirestore in Frameworks */,
				4631EE6A2904A750009FF80E /* FirebaseAnalytics in Frameworks */,
				4631EE6C2904A750009FF80E /* FirebaseAuth in Frameworks */,
			);
			runOnlyForDeploymentPostprocessing = 0;
		};
/* End PBXFrameworksBuildPhase section */

/* Begin PBXGroup section */
		4631EE4529049BE7009FF80E = {
			isa = PBXGroup;
			children = (
				4631EE5029049BE7009FF80E /* EquipmentMaintainance */,
				4631EE4F29049BE7009FF80E /* Products */,
			);
			sourceTree = "<group>";
		};
		4631EE4F29049BE7009FF80E /* Products */ = {
			isa = PBXGroup;
			children = (
				4631EE4E29049BE7009FF80E /* EquipmentMaintainance.app */,
			);
			name = Products;
			sourceTree = "<group>";
		};
		4631EE5029049BE7009FF80E /* EquipmentMaintainance */ = {
			isa = PBXGroup;
			children = (
				4631EE712904A9A2009FF80E /* Utilities */,
				4631EE5129049BE7009FF80E /* AppDelegate.swift */,
				4631EE5329049BE7009FF80E /* SceneDelegate.swift */,
				4631EE5529049BE7009FF80E /* ViewController.swift */,
				4631EE5729049BE7009FF80E /* Main.storyboard */,
				4631EE5A29049BE9009FF80E /* Assets.xcassets */,
				4631EE5C29049BE9009FF80E /* LaunchScreen.storyboard */,
				4631EE5F29049BE9009FF80E /* Info.plist */,
				4631EE652904A465009FF80E /* GoogleService-Info.plist */,
			);
			path = EquipmentMaintainance;
			sourceTree = "<group>";
		};
		4631EE712904A9A2009FF80E /* Utilities */ = {
			isa = PBXGroup;
			children = (
				4631EE722904A9BD009FF80E /* StringExtensions.swift */,
			);
			path = Utilities;
			sourceTree = "<group>";
		};
/* End PBXGroup section */

/* Begin PBXNativeTarget section */
		4631EE4D29049BE7009FF80E /* EquipmentMaintainance */ = {
			isa = PBXNativeTarget;
			buildConfigurationList = 4631EE6229049BE9009FF80E /* Build configuration list for PBXNativeTarget "EquipmentMaintainance" */;
			buildPhases = (
				4631EE4A29049BE7009FF80E /* Sources */,
				4631EE4B29049BE7009FF80E /* Frameworks */,
				4631EE4C29049BE7009FF80E /* Resources */,
			);
			buildRules = (
			);
			dependencies = (
			);
			name = EquipmentMaintainance;
			packageProductDependencies = (
				4631EE692904A750009FF80E /* FirebaseAnalytics */,
				4631EE6B2904A750009FF80E /* FirebaseAuth */,
				4631EE6D2904A750009FF80E /* FirebaseDatabase */,
				4631EE6F2904A750009FF80E /* FirebaseFirestore */,
			);
			productName = EquipmentMaintainance;
			productReference = 4631EE4E29049BE7009FF80E /* EquipmentMaintainance.app */;
			productType = "com.apple.product-type.application";
		};
/* End PBXNativeTarget section */

/* Begin PBXProject section */
		4631EE4629049BE7009FF80E /* Project object */ = {
			isa = PBXProject;
			attributes = {
				BuildIndependentTargetsInParallel = 1;
				LastSwiftUpdateCheck = 1400;
				LastUpgradeCheck = 1400;
				TargetAttributes = {
					4631EE4D29049BE7009FF80E = {
						CreatedOnToolsVersion = 14.0.1;
					};
				};
			};
			buildConfigurationList = 4631EE4929049BE7009FF80E /* Build configuration list for PBXProject "EquipmentMaintainance" */;
			compatibilityVersion = "Xcode 14.0";
			developmentRegion = en;
			hasScannedForEncodings = 0;
			knownRegions = (
				en,
				Base,
			);
			mainGroup = 4631EE4529049BE7009FF80E;
			packageReferences = (
				4631EE682904A750009FF80E /* XCRemoteSwiftPackageReference "firebase-ios-sdk" */,
			);
			productRefGroup = 4631EE4F29049BE7009FF80E /* Products */;
			projectDirPath = "";
			projectRoot = "";
			targets = (
				4631EE4D29049BE7009FF80E /* EquipmentMaintainance */,
			);
		};
/* End PBXProject section */

/* Begin PBXResourcesBuildPhase section */
		4631EE4C29049BE7009FF80E /* Resources */ = {
			isa = PBXResourcesBuildPhase;
			buildActionMask = 2147483647;
			files = (
				4631EE5E29049BE9009FF80E /* LaunchScreen.storyboard in Resources */,
				4631EE662904A465009FF80E /* GoogleService-Info.plist in Resources */,
				4631EE5B29049BE9009FF80E /* Assets.xcassets in Resources */,
				4631EE5929049BE7009FF80E /* Main.storyboard in Resources */,
			);
			runOnlyForDeploymentPostprocessing = 0;
		};
/* End PBXResourcesBuildPhase section */

/* Begin PBXSourcesBuildPhase section */
		4631EE4A29049BE7009FF80E /* Sources */ = {
			isa = PBXSourcesBuildPhase;
			buildActionMask = 2147483647;
			files = (
				4631EE732904A9BD009FF80E /* StringExtensions.swift in Sources */,
				4631EE5629049BE7009FF80E /* ViewController.swift in Sources */,
				4631EE5229049BE7009FF80E /* AppDelegate.swift in Sources */,
				4631EE5429049BE7009FF80E /* SceneDelegate.swift in Sources */,
			);
			runOnlyForDeploymentPostprocessing = 0;
		};
/* End PBXSourcesBuildPhase section */

/* Begin PBXVariantGroup section */
		4631EE5729049BE7009FF80E /* Main.storyboard */ = {
			isa = PBXVariantGroup;
			children = (
				4631EE5829049BE7009FF80E /* Base */,
			);
			name = Main.storyboard;
			sourceTree = "<group>";
		};
		4631EE5C29049BE9009FF80E /* LaunchScreen.storyboard */ = {
			isa = PBXVariantGroup;
			children = (
				4631EE5D29049BE9009FF80E /* Base */,
			);
			name = LaunchScreen.storyboard;
			sourceTree = "<group>";
		};
/* End PBXVariantGroup section */

/* Begin XCBuildConfiguration section */
		4631EE6029049BE9009FF80E /* Debug */ = {
			isa = XCBuildConfiguration;
			buildSettings = {
				ALWAYS_SEARCH_USER_PATHS = NO;
				CLANG_ANALYZER_NONNULL = YES;
				CLANG_ANALYZER_NUMBER_OBJECT_CONVERSION = YES_AGGRESSIVE;
				CLANG_CXX_LANGUAGE_STANDARD = "gnu++20";
				CLANG_ENABLE_MODULES = YES;
				CLANG_ENABLE_OBJC_ARC = YES;
				CLANG_ENABLE_OBJC_WEAK = YES;
				CLANG_WARN_BLOCK_CAPTURE_AUTORELEASING = YES;
				CLANG_WARN_BOOL_CONVERSION = YES;
				CLANG_WARN_COMMA = YES;
				CLANG_WARN_CONSTANT_CONVERSION = YES;
				CLANG_WARN_DEPRECATED_OBJC_IMPLEMENTATIONS = YES;
				CLANG_WARN_DIRECT_OBJC_ISA_USAGE = YES_ERROR;
				CLANG_WARN_DOCUMENTATION_COMMENTS = YES;
				CLANG_WARN_EMPTY_BODY = YES;
				CLANG_WARN_ENUM_CONVERSION = YES;
				CLANG_WARN_INFINITE_RECURSION = YES;
				CLANG_WARN_INT_CONVERSION = YES;
				CLANG_WARN_NON_LITERAL_NULL_CONVERSION = YES;
				CLANG_WARN_OBJC_IMPLICIT_RETAIN_SELF = YES;
				CLANG_WARN_OBJC_LITERAL_CONVERSION = YES;
				CLANG_WARN_OBJC_ROOT_CLASS = YES_ERROR;
				CLANG_WARN_QUOTED_INCLUDE_IN_FRAMEWORK_HEADER = YES;
				CLANG_WARN_RANGE_LOOP_ANALYSIS = YES;
				CLANG_WARN_STRICT_PROTOTYPES = YES;
				CLANG_WARN_SUSPICIOUS_MOVE = YES;
				CLANG_WARN_UNGUARDED_AVAILABILITY = YES_AGGRESSIVE;
				CLANG_WARN_UNREACHABLE_CODE = YES;
				CLANG_WARN__DUPLICATE_METHOD_MATCH = YES;
				COPY_PHASE_STRIP = NO;
				DEBUG_INFORMATION_FORMAT = dwarf;
				ENABLE_STRICT_OBJC_MSGSEND = YES;
				ENABLE_TESTABILITY = YES;
				GCC_C_LANGUAGE_STANDARD = gnu11;
				GCC_DYNAMIC_NO_PIC = NO;
				GCC_NO_COMMON_BLOCKS = YES;
				GCC_OPTIMIZATION_LEVEL = 0;
				GCC_PREPROCESSOR_DEFINITIONS = (
					"DEBUG=1",
					"$(inherited)",
				);
				GCC_WARN_64_TO_32_BIT_CONVERSION = YES;
				GCC_WARN_ABOUT_RETURN_TYPE = YES_ERROR;
				GCC_WARN_UNDECLARED_SELECTOR = YES;
				GCC_WARN_UNINITIALIZED_AUTOS = YES_AGGRESSIVE;
				GCC_WARN_UNUSED_FUNCTION = YES;
				GCC_WARN_UNUSED_VARIABLE = YES;
				IPHONEOS_DEPLOYMENT_TARGET = 16.0;
				MTL_ENABLE_DEBUG_INFO = INCLUDE_SOURCE;
				MTL_FAST_MATH = YES;
				ONLY_ACTIVE_ARCH = YES;
				SDKROOT = iphoneos;
				SWIFT_ACTIVE_COMPILATION_CONDITIONS = DEBUG;
				SWIFT_OPTIMIZATION_LEVEL = "-Onone";
			};
			name = Debug;
		};
		4631EE6129049BE9009FF80E /* Release */ = {
			isa = XCBuildConfiguration;
			buildSettings = {
				ALWAYS_SEARCH_USER_PATHS = NO;
				CLANG_ANALYZER_NONNULL = YES;
				CLANG_ANALYZER_NUMBER_OBJECT_CONVERSION = YES_AGGRESSIVE;
				CLANG_CXX_LANGUAGE_STANDARD = "gnu++20";
				CLANG_ENABLE_MODULES = YES;
				CLANG_ENABLE_OBJC_ARC = YES;
				CLANG_ENABLE_OBJC_WEAK = YES;
				CLANG_WARN_BLOCK_CAPTURE_AUTORELEASING = YES;
				CLANG_WARN_BOOL_CONVERSION = YES;
				CLANG_WARN_COMMA = YES;
				CLANG_WARN_CONSTANT_CONVERSION = YES;
				CLANG_WARN_DEPRECATED_OBJC_IMPLEMENTATIONS = YES;
				CLANG_WARN_DIRECT_OBJC_ISA_USAGE = YES_ERROR;
				CLANG_WARN_DOCUMENTATION_COMMENTS = YES;
				CLANG_WARN_EMPTY_BODY = YES;
				CLANG_WARN_ENUM_CONVERSION = YES;
				CLANG_WARN_INFINITE_RECURSION = YES;
				CLANG_WARN_INT_CONVERSION = YES;
				CLANG_WARN_NON_LITERAL_NULL_CONVERSION = YES;
				CLANG_WARN_OBJC_IMPLICIT_RETAIN_SELF = YES;
				CLANG_WARN_OBJC_LITERAL_CONVERSION = YES;
				CLANG_WARN_OBJC_ROOT_CLASS = YES_ERROR;
				CLANG_WARN_QUOTED_INCLUDE_IN_FRAMEWORK_HEADER = YES;
				CLANG_WARN_RANGE_LOOP_ANALYSIS = YES;
				CLANG_WARN_STRICT_PROTOTYPES = YES;
				CLANG_WARN_SUSPICIOUS_MOVE = YES;
				CLANG_WARN_UNGUARDED_AVAILABILITY = YES_AGGRESSIVE;
				CLANG_WARN_UNREACHABLE_CODE = YES;
				CLANG_WARN__DUPLICATE_METHOD_MATCH = YES;
				COPY_PHASE_STRIP = NO;
				DEBUG_INFORMATION_FORMAT = "dwarf-with-dsym";
				ENABLE_NS_ASSERTIONS = NO;
				ENABLE_STRICT_OBJC_MSGSEND = YES;
				GCC_C_LANGUAGE_STANDARD = gnu11;
				GCC_NO_COMMON_BLOCKS = YES;
				GCC_WARN_64_TO_32_BIT_CONVERSION = YES;
				GCC_WARN_ABOUT_RETURN_TYPE = YES_ERROR;
				GCC_WARN_UNDECLARED_SELECTOR = YES;
				GCC_WARN_UNINITIALIZED_AUTOS = YES_AGGRESSIVE;
				GCC_WARN_UNUSED_FUNCTION = YES;
				GCC_WARN_UNUSED_VARIABLE = YES;
				IPHONEOS_DEPLOYMENT_TARGET = 16.0;
				MTL_ENABLE_DEBUG_INFO = NO;
				MTL_FAST_MATH = YES;
				SDKROOT = iphoneos;
				SWIFT_COMPILATION_MODE = wholemodule;
				SWIFT_OPTIMIZATION_LEVEL = "-O";
				VALIDATE_PRODUCT = YES;
			};
			name = Release;
		};
		4631EE6329049BE9009FF80E /* Debug */ = {
			isa = XCBuildConfiguration;
			buildSettings = {
				ASSETCATALOG_COMPILER_APPICON_NAME = AppIcon;
				ASSETCATALOG_COMPILER_GLOBAL_ACCENT_COLOR_NAME = AccentColor;
				CODE_SIGN_STYLE = Automatic;
				CURRENT_PROJECT_VERSION = 1;
				DEVELOPMENT_TEAM = DJQS9YSS64;
				GENERATE_INFOPLIST_FILE = YES;
				INFOPLIST_FILE = EquipmentMaintainance/Info.plist;
				INFOPLIST_KEY_UIApplicationSupportsIndirectInputEvents = YES;
				INFOPLIST_KEY_UILaunchStoryboardName = LaunchScreen;
				INFOPLIST_KEY_UIMainStoryboardFile = Main;
				INFOPLIST_KEY_UISupportedInterfaceOrientations_iPad = "UIInterfaceOrientationPortrait UIInterfaceOrientationPortraitUpsideDown UIInterfaceOrientationLandscapeLeft UIInterfaceOrientationLandscapeRight";
				INFOPLIST_KEY_UISupportedInterfaceOrientations_iPhone = "UIInterfaceOrientationPortrait UIInterfaceOrientationLandscapeLeft UIInterfaceOrientationLandscapeRight";
				LD_RUNPATH_SEARCH_PATHS = (
					"$(inherited)",
					"@executable_path/Frameworks",
				);
				MARKETING_VERSION = 1.0;
				PRODUCT_BUNDLE_IDENTIFIER = edu.northeastern.ashish.EquipmentMaintainance;
				PRODUCT_NAME = "$(TARGET_NAME)";
				SWIFT_EMIT_LOC_STRINGS = YES;
				SWIFT_VERSION = 5.0;
				TARGETED_DEVICE_FAMILY = "1,2";
			};
			name = Debug;
		};
		4631EE6429049BE9009FF80E /* Release */ = {
			isa = XCBuildConfiguration;
			buildSettings = {
				ASSETCATALOG_COMPILER_APPICON_NAME = AppIcon;
				ASSETCATALOG_COMPILER_GLOBAL_ACCENT_COLOR_NAME = AccentColor;
				CODE_SIGN_STYLE = Automatic;
				CURRENT_PROJECT_VERSION = 1;
				DEVELOPMENT_TEAM = DJQS9YSS64;
				GENERATE_INFOPLIST_FILE = YES;
				INFOPLIST_FILE = EquipmentMaintainance/Info.plist;
				INFOPLIST_KEY_UIApplicationSupportsIndirectInputEvents = YES;
				INFOPLIST_KEY_UILaunchStoryboardName = LaunchScreen;
				INFOPLIST_KEY_UIMainStoryboardFile = Main;
				INFOPLIST_KEY_UISupportedInterfaceOrientations_iPad = "UIInterfaceOrientationPortrait UIInterfaceOrientationPortraitUpsideDown UIInterfaceOrientationLandscapeLeft UIInterfaceOrientationLandscapeRight";
				INFOPLIST_KEY_UISupportedInterfaceOrientations_iPhone = "UIInterfaceOrientationPortrait UIInterfaceOrientationLandscapeLeft UIInterfaceOrientationLandscapeRight";
				LD_RUNPATH_SEARCH_PATHS = (
					"$(inherited)",
					"@executable_path/Frameworks",
				);
				MARKETING_VERSION = 1.0;
				PRODUCT_BUNDLE_IDENTIFIER = edu.northeastern.ashish.EquipmentMaintainance;
				PRODUCT_NAME = "$(TARGET_NAME)";
				SWIFT_EMIT_LOC_STRINGS = YES;
				SWIFT_VERSION = 5.0;
				TARGETED_DEVICE_FAMILY = "1,2";
			};
			name = Release;
		};
/* End XCBuildConfiguration section */

/* Begin XCConfigurationList section */
		4631EE4929049BE7009FF80E /* Build configuration list for PBXProject "EquipmentMaintainance" */ = {
			isa = XCConfigurationList;
			buildConfigurations = (
				4631EE6029049BE9009FF80E /* Debug */,
				4631EE6129049BE9009FF80E /* Release */,
			);
			defaultConfigurationIsVisible = 0;
			defaultConfigurationName = Release;
		};
		4631EE6229049BE9009FF80E /* Build configuration list for PBXNativeTarget "EquipmentMaintainance" */ = {
			isa = XCConfigurationList;
			buildConfigurations = (
				4631EE6329049BE9009FF80E /* Debug */,
				4631EE6429049BE9009FF80E /* Release */,
			);
			defaultConfigurationIsVisible = 0;
			defaultConfigurationName = Release;
		};
/* End XCConfigurationList section */

/* Begin XCRemoteSwiftPackageReference section */
		4631EE682904A750009FF80E /* XCRemoteSwiftPackageReference "firebase-ios-sdk" */ = {
			isa = XCRemoteSwiftPackageReference;
			repositoryURL = "https://github.com/firebase/firebase-ios-sdk";
			requirement = {
				kind = upToNextMajorVersion;
				minimumVersion = 9.0.0;
			};
		};
/* End XCRemoteSwiftPackageReference section */

/* Begin XCSwiftPackageProductDependency section */
		4631EE692904A750009FF80E /* FirebaseAnalytics */ = {
			isa = XCSwiftPackageProductDependency;
			package = 4631EE682904A750009FF80E /* XCRemoteSwiftPackageReference "firebase-ios-sdk" */;
			productName = FirebaseAnalytics;
		};
		4631EE6B2904A750009FF80E /* FirebaseAuth */ = {
			isa = XCSwiftPackageProductDependency;
			package = 4631EE682904A750009FF80E /* XCRemoteSwiftPackageReference "firebase-ios-sdk" */;
			productName = FirebaseAuth;
		};
		4631EE6D2904A750009FF80E /* FirebaseDatabase */ = {
			isa = XCSwiftPackageProductDependency;
			package = 4631EE682904A750009FF80E /* XCRemoteSwiftPackageReference "firebase-ios-sdk" */;
			productName = FirebaseDatabase;
		};
		4631EE6F2904A750009FF80E /* FirebaseFirestore */ = {
			isa = XCSwiftPackageProductDependency;
			package = 4631EE682904A750009FF80E /* XCRemoteSwiftPackageReference "firebase-ios-sdk" */;
			productName = FirebaseFirestore;
		};
/* End XCSwiftPackageProductDependency section */
	};
	rootObject = 4631EE4629049BE7009FF80E /* Project object */;
}
