// !$*UTF8*$!
{
	archiveVersion = 1;
	classes = {
	};
	objectVersion = 56;
	objects = {

/* Begin PBXBuildFile section */
		46D625E128F23DDA00791FBD /* AppDelegate.swift in Sources */ = {isa = PBXBuildFile; fileRef = 46D625E028F23DDA00791FBD /* AppDelegate.swift */; };
		46D625E328F23DDA00791FBD /* SceneDelegate.swift in Sources */ = {isa = PBXBuildFile; fileRef = 46D625E228F23DDA00791FBD /* SceneDelegate.swift */; };
		46D625E528F23DDA00791FBD /* ViewController.swift in Sources */ = {isa = PBXBuildFile; fileRef = 46D625E428F23DDA00791FBD /* ViewController.swift */; };
		46D625E828F23DDA00791FBD /* Main.storyboard in Resources */ = {isa = PBXBuildFile; fileRef = 46D625E628F23DDA00791FBD /* Main.storyboard */; };
		46D625EA28F23DDC00791FBD /* Assets.xcassets in Resources */ = {isa = PBXBuildFile; fileRef = 46D625E928F23DDC00791FBD /* Assets.xcassets */; };
		46D625ED28F23DDC00791FBD /* LaunchScreen.storyboard in Resources */ = {isa = PBXBuildFile; fileRef = 46D625EB28F23DDC00791FBD /* LaunchScreen.storyboard */; };
		46D625F728F2430700791FBD /* CompanyQuote.swift in Sources */ = {isa = PBXBuildFile; fileRef = 46D625F628F2430700791FBD /* CompanyQuote.swift */; };
		87BFB0364B1241DEFD4AE3E9 /* Pods_PromiseExample.framework in Frameworks */ = {isa = PBXBuildFile; fileRef = A8A84359CC82CDB9B81F0F5C /* Pods_PromiseExample.framework */; };
/* End PBXBuildFile section */

/* Begin PBXFileReference section */
		18DC95303F868D3C916BEBD4 /* Pods-PromiseExample.release.xcconfig */ = {isa = PBXFileReference; includeInIndex = 1; lastKnownFileType = text.xcconfig; name = "Pods-PromiseExample.release.xcconfig"; path = "Target Support Files/Pods-PromiseExample/Pods-PromiseExample.release.xcconfig"; sourceTree = "<group>"; };
		46D625DD28F23DDA00791FBD /* PromiseExample.app */ = {isa = PBXFileReference; explicitFileType = wrapper.application; includeInIndex = 0; path = PromiseExample.app; sourceTree = BUILT_PRODUCTS_DIR; };
		46D625E028F23DDA00791FBD /* AppDelegate.swift */ = {isa = PBXFileReference; lastKnownFileType = sourcecode.swift; path = AppDelegate.swift; sourceTree = "<group>"; };
		46D625E228F23DDA00791FBD /* SceneDelegate.swift */ = {isa = PBXFileReference; lastKnownFileType = sourcecode.swift; path = SceneDelegate.swift; sourceTree = "<group>"; };
		46D625E428F23DDA00791FBD /* ViewController.swift */ = {isa = PBXFileReference; lastKnownFileType = sourcecode.swift; path = ViewController.swift; sourceTree = "<group>"; };
		46D625E728F23DDA00791FBD /* Base */ = {isa = PBXFileReference; lastKnownFileType = file.storyboard; name = Base; path = Base.lproj/Main.storyboard; sourceTree = "<group>"; };
		46D625E928F23DDC00791FBD /* Assets.xcassets */ = {isa = PBXFileReference; lastKnownFileType = folder.assetcatalog; path = Assets.xcassets; sourceTree = "<group>"; };
		46D625EC28F23DDC00791FBD /* Base */ = {isa = PBXFileReference; lastKnownFileType = file.storyboard; name = Base; path = Base.lproj/LaunchScreen.storyboard; sourceTree = "<group>"; };
		46D625EE28F23DDC00791FBD /* Info.plist */ = {isa = PBXFileReference; lastKnownFileType = text.plist.xml; path = Info.plist; sourceTree = "<group>"; };
		46D625F628F2430700791FBD /* CompanyQuote.swift */ = {isa = PBXFileReference; lastKnownFileType = sourcecode.swift; path = CompanyQuote.swift; sourceTree = "<group>"; };
		A8A84359CC82CDB9B81F0F5C /* Pods_PromiseExample.framework */ = {isa = PBXFileReference; explicitFileType = wrapper.framework; includeInIndex = 0; path = Pods_PromiseExample.framework; sourceTree = BUILT_PRODUCTS_DIR; };
		F9EAC2B6C715602FCFF4AE09 /* Pods-PromiseExample.debug.xcconfig */ = {isa = PBXFileReference; includeInIndex = 1; lastKnownFileType = text.xcconfig; name = "Pods-PromiseExample.debug.xcconfig"; path = "Target Support Files/Pods-PromiseExample/Pods-PromiseExample.debug.xcconfig"; sourceTree = "<group>"; };
/* End PBXFileReference section */

/* Begin PBXFrameworksBuildPhase section */
		46D625DA28F23DDA00791FBD /* Frameworks */ = {
			isa = PBXFrameworksBuildPhase;
			buildActionMask = 2147483647;
			files = (
				87BFB0364B1241DEFD4AE3E9 /* Pods_PromiseExample.framework in Frameworks */,
			);
			runOnlyForDeploymentPostprocessing = 0;
		};
/* End PBXFrameworksBuildPhase section */

/* Begin PBXGroup section */
		0D3A1F373C7DE530A6055AAE /* Frameworks */ = {
			isa = PBXGroup;
			children = (
				A8A84359CC82CDB9B81F0F5C /* Pods_PromiseExample.framework */,
			);
			name = Frameworks;
			sourceTree = "<group>";
		};
		10B7DEDCD838233AEE4DFE53 /* Pods */ = {
			isa = PBXGroup;
			children = (
				F9EAC2B6C715602FCFF4AE09 /* Pods-PromiseExample.debug.xcconfig */,
				18DC95303F868D3C916BEBD4 /* Pods-PromiseExample.release.xcconfig */,
			);
			path = Pods;
			sourceTree = "<group>";
		};
		46D625D428F23DDA00791FBD = {
			isa = PBXGroup;
			children = (
				46D625DF28F23DDA00791FBD /* PromiseExample */,
				46D625DE28F23DDA00791FBD /* Products */,
				10B7DEDCD838233AEE4DFE53 /* Pods */,
				0D3A1F373C7DE530A6055AAE /* Frameworks */,
			);
			sourceTree = "<group>";
		};
		46D625DE28F23DDA00791FBD /* Products */ = {
			isa = PBXGroup;
			children = (
				46D625DD28F23DDA00791FBD /* PromiseExample.app */,
			);
			name = Products;
			sourceTree = "<group>";
		};
		46D625DF28F23DDA00791FBD /* PromiseExample */ = {
			isa = PBXGroup;
			children = (
				46D625E028F23DDA00791FBD /* AppDelegate.swift */,
				46D625E228F23DDA00791FBD /* SceneDelegate.swift */,
				46D625E428F23DDA00791FBD /* ViewController.swift */,
				46D625E628F23DDA00791FBD /* Main.storyboard */,
				46D625E928F23DDC00791FBD /* Assets.xcassets */,
				46D625EB28F23DDC00791FBD /* LaunchScreen.storyboard */,
				46D625EE28F23DDC00791FBD /* Info.plist */,
				46D625F628F2430700791FBD /* CompanyQuote.swift */,
			);
			path = PromiseExample;
			sourceTree = "<group>";
		};
/* End PBXGroup section */

/* Begin PBXNativeTarget section */
		46D625DC28F23DDA00791FBD /* PromiseExample */ = {
			isa = PBXNativeTarget;
			buildConfigurationList = 46D625F128F23DDC00791FBD /* Build configuration list for PBXNativeTarget "PromiseExample" */;
			buildPhases = (
				970AA5E9B36DDD36B862AA43 /* [CP] Check Pods Manifest.lock */,
				46D625D928F23DDA00791FBD /* Sources */,
				46D625DA28F23DDA00791FBD /* Frameworks */,
				46D625DB28F23DDA00791FBD /* Resources */,
				8CCE9E985278EC21F6DDF538 /* [CP] Embed Pods Frameworks */,
			);
			buildRules = (
			);
			dependencies = (
			);
			name = PromiseExample;
			productName = PromiseExample;
			productReference = 46D625DD28F23DDA00791FBD /* PromiseExample.app */;
			productType = "com.apple.product-type.application";
		};
/* End PBXNativeTarget section */

/* Begin PBXProject section */
		46D625D528F23DDA00791FBD /* Project object */ = {
			isa = PBXProject;
			attributes = {
				BuildIndependentTargetsInParallel = 1;
				LastSwiftUpdateCheck = 1400;
				LastUpgradeCheck = 1400;
				TargetAttributes = {
					46D625DC28F23DDA00791FBD = {
						CreatedOnToolsVersion = 14.0.1;
					};
				};
			};
			buildConfigurationList = 46D625D828F23DDA00791FBD /* Build configuration list for PBXProject "PromiseExample" */;
			compatibilityVersion = "Xcode 14.0";
			developmentRegion = en;
			hasScannedForEncodings = 0;
			knownRegions = (
				en,
				Base,
			);
			mainGroup = 46D625D428F23DDA00791FBD;
			productRefGroup = 46D625DE28F23DDA00791FBD /* Products */;
			projectDirPath = "";
			projectRoot = "";
			targets = (
				46D625DC28F23DDA00791FBD /* PromiseExample */,
			);
		};
/* End PBXProject section */

/* Begin PBXResourcesBuildPhase section */
		46D625DB28F23DDA00791FBD /* Resources */ = {
			isa = PBXResourcesBuildPhase;
			buildActionMask = 2147483647;
			files = (
				46D625ED28F23DDC00791FBD /* LaunchScreen.storyboard in Resources */,
				46D625EA28F23DDC00791FBD /* Assets.xcassets in Resources */,
				46D625E828F23DDA00791FBD /* Main.storyboard in Resources */,
			);
			runOnlyForDeploymentPostprocessing = 0;
		};
/* End PBXResourcesBuildPhase section */

/* Begin PBXShellScriptBuildPhase section */
		8CCE9E985278EC21F6DDF538 /* [CP] Embed Pods Frameworks */ = {
			isa = PBXShellScriptBuildPhase;
			buildActionMask = 2147483647;
			files = (
			);
			inputFileListPaths = (
				"${PODS_ROOT}/Target Support Files/Pods-PromiseExample/Pods-PromiseExample-frameworks-${CONFIGURATION}-input-files.xcfilelist",
			);
			name = "[CP] Embed Pods Frameworks";
			outputFileListPaths = (
				"${PODS_ROOT}/Target Support Files/Pods-PromiseExample/Pods-PromiseExample-frameworks-${CONFIGURATION}-output-files.xcfilelist",
			);
			runOnlyForDeploymentPostprocessing = 0;
			shellPath = /bin/sh;
			shellScript = "\"${PODS_ROOT}/Target Support Files/Pods-PromiseExample/Pods-PromiseExample-frameworks.sh\"\n";
			showEnvVarsInLog = 0;
		};
		970AA5E9B36DDD36B862AA43 /* [CP] Check Pods Manifest.lock */ = {
			isa = PBXShellScriptBuildPhase;
			buildActionMask = 2147483647;
			files = (
			);
			inputFileListPaths = (
			);
			inputPaths = (
				"${PODS_PODFILE_DIR_PATH}/Podfile.lock",
				"${PODS_ROOT}/Manifest.lock",
			);
			name = "[CP] Check Pods Manifest.lock";
			outputFileListPaths = (
			);
			outputPaths = (
				"$(DERIVED_FILE_DIR)/Pods-PromiseExample-checkManifestLockResult.txt",
			);
			runOnlyForDeploymentPostprocessing = 0;
			shellPath = /bin/sh;
			shellScript = "diff \"${PODS_PODFILE_DIR_PATH}/Podfile.lock\" \"${PODS_ROOT}/Manifest.lock\" > /dev/null\nif [ $? != 0 ] ; then\n    # print error to STDERR\n    echo \"error: The sandbox is not in sync with the Podfile.lock. Run 'pod install' or update your CocoaPods installation.\" >&2\n    exit 1\nfi\n# This output is used by Xcode 'outputs' to avoid re-running this script phase.\necho \"SUCCESS\" > \"${SCRIPT_OUTPUT_FILE_0}\"\n";
			showEnvVarsInLog = 0;
		};
/* End PBXShellScriptBuildPhase section */

/* Begin PBXSourcesBuildPhase section */
		46D625D928F23DDA00791FBD /* Sources */ = {
			isa = PBXSourcesBuildPhase;
			buildActionMask = 2147483647;
			files = (
				46D625E528F23DDA00791FBD /* ViewController.swift in Sources */,
				46D625E128F23DDA00791FBD /* AppDelegate.swift in Sources */,
				46D625F728F2430700791FBD /* CompanyQuote.swift in Sources */,
				46D625E328F23DDA00791FBD /* SceneDelegate.swift in Sources */,
			);
			runOnlyForDeploymentPostprocessing = 0;
		};
/* End PBXSourcesBuildPhase section */

/* Begin PBXVariantGroup section */
		46D625E628F23DDA00791FBD /* Main.storyboard */ = {
			isa = PBXVariantGroup;
			children = (
				46D625E728F23DDA00791FBD /* Base */,
			);
			name = Main.storyboard;
			sourceTree = "<group>";
		};
		46D625EB28F23DDC00791FBD /* LaunchScreen.storyboard */ = {
			isa = PBXVariantGroup;
			children = (
				46D625EC28F23DDC00791FBD /* Base */,
			);
			name = LaunchScreen.storyboard;
			sourceTree = "<group>";
		};
/* End PBXVariantGroup section */

/* Begin XCBuildConfiguration section */
		46D625EF28F23DDC00791FBD /* Debug */ = {
			isa = XCBuildConfiguration;
			buildSettings = {
				ALWAYS_SEARCH_USER_PATHS = NO;
				CLANG_ANALYZER_NONNULL = YES;
				CLANG_ANALYZER_NUMBER_OBJECT_CONVERSION = YES_AGGRESSIVE;
				CLANG_CXX_LANGUAGE_STANDARD = "gnu++20";
				CLANG_ENABLE_MODULES = YES;
				CLANG_ENABLE_OBJC_ARC = YES;
				CLANG_ENABLE_OBJC_WEAK = YES;
				CLANG_WARN_BLOCK_CAPTURE_AUTORELEASING = YES;
				CLANG_WARN_BOOL_CONVERSION = YES;
				CLANG_WARN_COMMA = YES;
				CLANG_WARN_CONSTANT_CONVERSION = YES;
				CLANG_WARN_DEPRECATED_OBJC_IMPLEMENTATIONS = YES;
				CLANG_WARN_DIRECT_OBJC_ISA_USAGE = YES_ERROR;
				CLANG_WARN_DOCUMENTATION_COMMENTS = YES;
				CLANG_WARN_EMPTY_BODY = YES;
				CLANG_WARN_ENUM_CONVERSION = YES;
				CLANG_WARN_INFINITE_RECURSION = YES;
				CLANG_WARN_INT_CONVERSION = YES;
				CLANG_WARN_NON_LITERAL_NULL_CONVERSION = YES;
				CLANG_WARN_OBJC_IMPLICIT_RETAIN_SELF = YES;
				CLANG_WARN_OBJC_LITERAL_CONVERSION = YES;
				CLANG_WARN_OBJC_ROOT_CLASS = YES_ERROR;
				CLANG_WARN_QUOTED_INCLUDE_IN_FRAMEWORK_HEADER = YES;
				CLANG_WARN_RANGE_LOOP_ANALYSIS = YES;
				CLANG_WARN_STRICT_PROTOTYPES = YES;
				CLANG_WARN_SUSPICIOUS_MOVE = YES;
				CLANG_WARN_UNGUARDED_AVAILABILITY = YES_AGGRESSIVE;
				CLANG_WARN_UNREACHABLE_CODE = YES;
				CLANG_WARN__DUPLICATE_METHOD_MATCH = YES;
				COPY_PHASE_STRIP = NO;
				DEBUG_INFORMATION_FORMAT = dwarf;
				ENABLE_STRICT_OBJC_MSGSEND = YES;
				ENABLE_TESTABILITY = YES;
				GCC_C_LANGUAGE_STANDARD = gnu11;
				GCC_DYNAMIC_NO_PIC = NO;
				GCC_NO_COMMON_BLOCKS = YES;
				GCC_OPTIMIZATION_LEVEL = 0;
				GCC_PREPROCESSOR_DEFINITIONS = (
					"DEBUG=1",
					"$(inherited)",
				);
				GCC_WARN_64_TO_32_BIT_CONVERSION = YES;
				GCC_WARN_ABOUT_RETURN_TYPE = YES_ERROR;
				GCC_WARN_UNDECLARED_SELECTOR = YES;
				GCC_WARN_UNINITIALIZED_AUTOS = YES_AGGRESSIVE;
				GCC_WARN_UNUSED_FUNCTION = YES;
				GCC_WARN_UNUSED_VARIABLE = YES;
				IPHONEOS_DEPLOYMENT_TARGET = 16.0;
				MTL_ENABLE_DEBUG_INFO = INCLUDE_SOURCE;
				MTL_FAST_MATH = YES;
				ONLY_ACTIVE_ARCH = YES;
				SDKROOT = iphoneos;
				SWIFT_ACTIVE_COMPILATION_CONDITIONS = DEBUG;
				SWIFT_OPTIMIZATION_LEVEL = "-Onone";
			};
			name = Debug;
		};
		46D625F028F23DDC00791FBD /* Release */ = {
			isa = XCBuildConfiguration;
			buildSettings = {
				ALWAYS_SEARCH_USER_PATHS = NO;
				CLANG_ANALYZER_NONNULL = YES;
				CLANG_ANALYZER_NUMBER_OBJECT_CONVERSION = YES_AGGRESSIVE;
				CLANG_CXX_LANGUAGE_STANDARD = "gnu++20";
				CLANG_ENABLE_MODULES = YES;
				CLANG_ENABLE_OBJC_ARC = YES;
				CLANG_ENABLE_OBJC_WEAK = YES;
				CLANG_WARN_BLOCK_CAPTURE_AUTORELEASING = YES;
				CLANG_WARN_BOOL_CONVERSION = YES;
				CLANG_WARN_COMMA = YES;
				CLANG_WARN_CONSTANT_CONVERSION = YES;
				CLANG_WARN_DEPRECATED_OBJC_IMPLEMENTATIONS = YES;
				CLANG_WARN_DIRECT_OBJC_ISA_USAGE = YES_ERROR;
				CLANG_WARN_DOCUMENTATION_COMMENTS = YES;
				CLANG_WARN_EMPTY_BODY = YES;
				CLANG_WARN_ENUM_CONVERSION = YES;
				CLANG_WARN_INFINITE_RECURSION = YES;
				CLANG_WARN_INT_CONVERSION = YES;
				CLANG_WARN_NON_LITERAL_NULL_CONVERSION = YES;
				CLANG_WARN_OBJC_IMPLICIT_RETAIN_SELF = YES;
				CLANG_WARN_OBJC_LITERAL_CONVERSION = YES;
				CLANG_WARN_OBJC_ROOT_CLASS = YES_ERROR;
				CLANG_WARN_QUOTED_INCLUDE_IN_FRAMEWORK_HEADER = YES;
				CLANG_WARN_RANGE_LOOP_ANALYSIS = YES;
				CLANG_WARN_STRICT_PROTOTYPES = YES;
				CLANG_WARN_SUSPICIOUS_MOVE = YES;
				CLANG_WARN_UNGUARDED_AVAILABILITY = YES_AGGRESSIVE;
				CLANG_WARN_UNREACHABLE_CODE = YES;
				CLANG_WARN__DUPLICATE_METHOD_MATCH = YES;
				COPY_PHASE_STRIP = NO;
				DEBUG_INFORMATION_FORMAT = "dwarf-with-dsym";
				ENABLE_NS_ASSERTIONS = NO;
				ENABLE_STRICT_OBJC_MSGSEND = YES;
				GCC_C_LANGUAGE_STANDARD = gnu11;
				GCC_NO_COMMON_BLOCKS = YES;
				GCC_WARN_64_TO_32_BIT_CONVERSION = YES;
				GCC_WARN_ABOUT_RETURN_TYPE = YES_ERROR;
				GCC_WARN_UNDECLARED_SELECTOR = YES;
				GCC_WARN_UNINITIALIZED_AUTOS = YES_AGGRESSIVE;
				GCC_WARN_UNUSED_FUNCTION = YES;
				GCC_WARN_UNUSED_VARIABLE = YES;
				IPHONEOS_DEPLOYMENT_TARGET = 16.0;
				MTL_ENABLE_DEBUG_INFO = NO;
				MTL_FAST_MATH = YES;
				SDKROOT = iphoneos;
				SWIFT_COMPILATION_MODE = wholemodule;
				SWIFT_OPTIMIZATION_LEVEL = "-O";
				VALIDATE_PRODUCT = YES;
			};
			name = Release;
		};
		46D625F228F23DDC00791FBD /* Debug */ = {
			isa = XCBuildConfiguration;
			baseConfigurationReference = F9EAC2B6C715602FCFF4AE09 /* Pods-PromiseExample.debug.xcconfig */;
			buildSettings = {
				ASSETCATALOG_COMPILER_APPICON_NAME = AppIcon;
				ASSETCATALOG_COMPILER_GLOBAL_ACCENT_COLOR_NAME = AccentColor;
				CODE_SIGN_STYLE = Automatic;
				CURRENT_PROJECT_VERSION = 1;
				DEVELOPMENT_TEAM = DJQS9YSS64;
				GENERATE_INFOPLIST_FILE = YES;
				INFOPLIST_FILE = PromiseExample/Info.plist;
				INFOPLIST_KEY_UIApplicationSupportsIndirectInputEvents = YES;
				INFOPLIST_KEY_UILaunchStoryboardName = LaunchScreen;
				INFOPLIST_KEY_UIMainStoryboardFile = Main;
				INFOPLIST_KEY_UISupportedInterfaceOrientations_iPad = "UIInterfaceOrientationPortrait UIInterfaceOrientationPortraitUpsideDown UIInterfaceOrientationLandscapeLeft UIInterfaceOrientationLandscapeRight";
				INFOPLIST_KEY_UISupportedInterfaceOrientations_iPhone = "UIInterfaceOrientationPortrait UIInterfaceOrientationLandscapeLeft UIInterfaceOrientationLandscapeRight";
				LD_RUNPATH_SEARCH_PATHS = (
					"$(inherited)",
					"@executable_path/Frameworks",
				);
				MARKETING_VERSION = 1.0;
				PRODUCT_BUNDLE_IDENTIFIER = edu.northeastern.ashish.PromiseExample;
				PRODUCT_NAME = "$(TARGET_NAME)";
				SWIFT_EMIT_LOC_STRINGS = YES;
				SWIFT_VERSION = 5.0;
				TARGETED_DEVICE_FAMILY = "1,2";
			};
			name = Debug;
		};
		46D625F328F23DDC00791FBD /* Release */ = {
			isa = XCBuildConfiguration;
			baseConfigurationReference = 18DC95303F868D3C916BEBD4 /* Pods-PromiseExample.release.xcconfig */;
			buildSettings = {
				ASSETCATALOG_COMPILER_APPICON_NAME = AppIcon;
				ASSETCATALOG_COMPILER_GLOBAL_ACCENT_COLOR_NAME = AccentColor;
				CODE_SIGN_STYLE = Automatic;
				CURRENT_PROJECT_VERSION = 1;
				DEVELOPMENT_TEAM = DJQS9YSS64;
				GENERATE_INFOPLIST_FILE = YES;
				INFOPLIST_FILE = PromiseExample/Info.plist;
				INFOPLIST_KEY_UIApplicationSupportsIndirectInputEvents = YES;
				INFOPLIST_KEY_UILaunchStoryboardName = LaunchScreen;
				INFOPLIST_KEY_UIMainStoryboardFile = Main;
				INFOPLIST_KEY_UISupportedInterfaceOrientations_iPad = "UIInterfaceOrientationPortrait UIInterfaceOrientationPortraitUpsideDown UIInterfaceOrientationLandscapeLeft UIInterfaceOrientationLandscapeRight";
				INFOPLIST_KEY_UISupportedInterfaceOrientations_iPhone = "UIInterfaceOrientationPortrait UIInterfaceOrientationLandscapeLeft UIInterfaceOrientationLandscapeRight";
				LD_RUNPATH_SEARCH_PATHS = (
					"$(inherited)",
					"@executable_path/Frameworks",
				);
				MARKETING_VERSION = 1.0;
				PRODUCT_BUNDLE_IDENTIFIER = edu.northeastern.ashish.PromiseExample;
				PRODUCT_NAME = "$(TARGET_NAME)";
				SWIFT_EMIT_LOC_STRINGS = YES;
				SWIFT_VERSION = 5.0;
				TARGETED_DEVICE_FAMILY = "1,2";
			};
			name = Release;
		};
/* End XCBuildConfiguration section */

/* Begin XCConfigurationList section */
		46D625D828F23DDA00791FBD /* Build configuration list for PBXProject "PromiseExample" */ = {
			isa = XCConfigurationList;
			buildConfigurations = (
				46D625EF28F23DDC00791FBD /* Debug */,
				46D625F028F23DDC00791FBD /* Release */,
			);
			defaultConfigurationIsVisible = 0;
			defaultConfigurationName = Release;
		};
		46D625F128F23DDC00791FBD /* Build configuration list for PBXNativeTarget "PromiseExample" */ = {
			isa = XCConfigurationList;
			buildConfigurations = (
				46D625F228F23DDC00791FBD /* Debug */,
				46D625F328F23DDC00791FBD /* Release */,
			);
			defaultConfigurationIsVisible = 0;
			defaultConfigurationName = Release;
		};
/* End XCConfigurationList section */
	};
	rootObject = 46D625D528F23DDA00791FBD /* Project object */;
}
