// !$*UTF8*$!
{
	archiveVersion = 1;
	classes = {
	};
	objectVersion = 56;
	objects = {

/* Begin PBXBuildFile section */
		46569A25290DDAF200CA20A2 /* EquipmentModel.swift in Sources */ = {isa = PBXBuildFile; fileRef = 46569A24290DDAF200CA20A2 /* EquipmentModel.swift */; };
		46569A27290DE90700CA20A2 /* PerformMaintainanceViewController.swift in Sources */ = {isa = PBXBuildFile; fileRef = 46569A26290DE90700CA20A2 /* PerformMaintainanceViewController.swift */; };
		46B1318A290BB6AE00343EFD /* AppDelegate.swift in Sources */ = {isa = PBXBuildFile; fileRef = 46B13189290BB6AE00343EFD /* AppDelegate.swift */; };
		46B1318C290BB6AE00343EFD /* SceneDelegate.swift in Sources */ = {isa = PBXBuildFile; fileRef = 46B1318B290BB6AE00343EFD /* SceneDelegate.swift */; };
		46B1318E290BB6AE00343EFD /* ViewController.swift in Sources */ = {isa = PBXBuildFile; fileRef = 46B1318D290BB6AE00343EFD /* ViewController.swift */; };
		46B13191290BB6AE00343EFD /* Main.storyboard in Resources */ = {isa = PBXBuildFile; fileRef = 46B1318F290BB6AE00343EFD /* Main.storyboard */; };
		46B13193290BB6B000343EFD /* Assets.xcassets in Resources */ = {isa = PBXBuildFile; fileRef = 46B13192290BB6B000343EFD /* Assets.xcassets */; };
		46B13196290BB6B000343EFD /* LaunchScreen.storyboard in Resources */ = {isa = PBXBuildFile; fileRef = 46B13194290BB6B000343EFD /* LaunchScreen.storyboard */; };
		46B1319E290BB79400343EFD /* GoogleService-Info.plist in Resources */ = {isa = PBXBuildFile; fileRef = 46B1319D290BB78400343EFD /* GoogleService-Info.plist */; };
		46EA0B94290BBFDD007AD60B /* StringExtension.swift in Sources */ = {isa = PBXBuildFile; fileRef = 46EA0B93290BBFDD007AD60B /* StringExtension.swift */; };
		46EA0B96290BC103007AD60B /* KeychainService.swift in Sources */ = {isa = PBXBuildFile; fileRef = 46EA0B95290BC103007AD60B /* KeychainService.swift */; };
		46EA0B9A290BC53A007AD60B /* DashboardViewController.swift in Sources */ = {isa = PBXBuildFile; fileRef = 46EA0B99290BC53A007AD60B /* DashboardViewController.swift */; };
		46F0BCCF290F7ADD00F325A3 /* ViewHistoryTableViewController.swift in Sources */ = {isa = PBXBuildFile; fileRef = 46F0BCCE290F7ADD00F325A3 /* ViewHistoryTableViewController.swift */; };
		46F0BCD1290F7B3000F325A3 /* ViewHistoryTableViewCell.swift in Sources */ = {isa = PBXBuildFile; fileRef = 46F0BCD0290F7B3000F325A3 /* ViewHistoryTableViewCell.swift */; };
		46F0BCD3290F7C1D00F325A3 /* History.swift in Sources */ = {isa = PBXBuildFile; fileRef = 46F0BCD2290F7C1D00F325A3 /* History.swift */; };
		7DE8A429FEFD3D5CAE222B05 /* Pods_EquipmentManagement.framework in Frameworks */ = {isa = PBXBuildFile; fileRef = 41A25117CDC02D222499D8F2 /* Pods_EquipmentManagement.framework */; };
/* End PBXBuildFile section */

/* Begin PBXFileReference section */
		41A25117CDC02D222499D8F2 /* Pods_EquipmentManagement.framework */ = {isa = PBXFileReference; explicitFileType = wrapper.framework; includeInIndex = 0; path = Pods_EquipmentManagement.framework; sourceTree = BUILT_PRODUCTS_DIR; };
		46569A24290DDAF200CA20A2 /* EquipmentModel.swift */ = {isa = PBXFileReference; lastKnownFileType = sourcecode.swift; path = EquipmentModel.swift; sourceTree = "<group>"; };
		46569A26290DE90700CA20A2 /* PerformMaintainanceViewController.swift */ = {isa = PBXFileReference; lastKnownFileType = sourcecode.swift; path = PerformMaintainanceViewController.swift; sourceTree = "<group>"; };
		46B13186290BB6AE00343EFD /* EquipmentManagement.app */ = {isa = PBXFileReference; explicitFileType = wrapper.application; includeInIndex = 0; path = EquipmentManagement.app; sourceTree = BUILT_PRODUCTS_DIR; };
		46B13189290BB6AE00343EFD /* AppDelegate.swift */ = {isa = PBXFileReference; lastKnownFileType = sourcecode.swift; path = AppDelegate.swift; sourceTree = "<group>"; };
		46B1318B290BB6AE00343EFD /* SceneDelegate.swift */ = {isa = PBXFileReference; lastKnownFileType = sourcecode.swift; path = SceneDelegate.swift; sourceTree = "<group>"; };
		46B1318D290BB6AE00343EFD /* ViewController.swift */ = {isa = PBXFileReference; lastKnownFileType = sourcecode.swift; path = ViewController.swift; sourceTree = "<group>"; };
		46B13190290BB6AE00343EFD /* Base */ = {isa = PBXFileReference; lastKnownFileType = file.storyboard; name = Base; path = Base.lproj/Main.storyboard; sourceTree = "<group>"; };
		46B13192290BB6B000343EFD /* Assets.xcassets */ = {isa = PBXFileReference; lastKnownFileType = folder.assetcatalog; path = Assets.xcassets; sourceTree = "<group>"; };
		46B13195290BB6B000343EFD /* Base */ = {isa = PBXFileReference; lastKnownFileType = file.storyboard; name = Base; path = Base.lproj/LaunchScreen.storyboard; sourceTree = "<group>"; };
		46B13197290BB6B000343EFD /* Info.plist */ = {isa = PBXFileReference; lastKnownFileType = text.plist.xml; path = Info.plist; sourceTree = "<group>"; };
		46B1319D290BB78400343EFD /* GoogleService-Info.plist */ = {isa = PBXFileReference; lastKnownFileType = text.plist.xml; path = "GoogleService-Info.plist"; sourceTree = "<group>"; };
		46EA0B93290BBFDD007AD60B /* StringExtension.swift */ = {isa = PBXFileReference; lastKnownFileType = sourcecode.swift; path = StringExtension.swift; sourceTree = "<group>"; };
		46EA0B95290BC103007AD60B /* KeychainService.swift */ = {isa = PBXFileReference; lastKnownFileType = sourcecode.swift; path = KeychainService.swift; sourceTree = "<group>"; };
		46EA0B99290BC53A007AD60B /* DashboardViewController.swift */ = {isa = PBXFileReference; lastKnownFileType = sourcecode.swift; path = DashboardViewController.swift; sourceTree = "<group>"; };
		46F0BCCE290F7ADD00F325A3 /* ViewHistoryTableViewController.swift */ = {isa = PBXFileReference; lastKnownFileType = sourcecode.swift; path = ViewHistoryTableViewController.swift; sourceTree = "<group>"; };
		46F0BCD0290F7B3000F325A3 /* ViewHistoryTableViewCell.swift */ = {isa = PBXFileReference; lastKnownFileType = sourcecode.swift; path = ViewHistoryTableViewCell.swift; sourceTree = "<group>"; };
		46F0BCD2290F7C1D00F325A3 /* History.swift */ = {isa = PBXFileReference; lastKnownFileType = sourcecode.swift; path = History.swift; sourceTree = "<group>"; };
		66232F805F932102A8A9E0AD /* Pods-EquipmentManagement.release.xcconfig */ = {isa = PBXFileReference; includeInIndex = 1; lastKnownFileType = text.xcconfig; name = "Pods-EquipmentManagement.release.xcconfig"; path = "Target Support Files/Pods-EquipmentManagement/Pods-EquipmentManagement.release.xcconfig"; sourceTree = "<group>"; };
		75B4A4F8E0B13C5C9BF47A32 /* Pods-EquipmentManagement.debug.xcconfig */ = {isa = PBXFileReference; includeInIndex = 1; lastKnownFileType = text.xcconfig; name = "Pods-EquipmentManagement.debug.xcconfig"; path = "Target Support Files/Pods-EquipmentManagement/Pods-EquipmentManagement.debug.xcconfig"; sourceTree = "<group>"; };
/* End PBXFileReference section */

/* Begin PBXFrameworksBuildPhase section */
		46B13183290BB6AE00343EFD /* Frameworks */ = {
			isa = PBXFrameworksBuildPhase;
			buildActionMask = 2147483647;
			files = (
				7DE8A429FEFD3D5CAE222B05 /* Pods_EquipmentManagement.framework in Frameworks */,
			);
			runOnlyForDeploymentPostprocessing = 0;
		};
/* End PBXFrameworksBuildPhase section */

/* Begin PBXGroup section */
		113D26763B24BB08BC6857EB /* Pods */ = {
			isa = PBXGroup;
			children = (
				75B4A4F8E0B13C5C9BF47A32 /* Pods-EquipmentManagement.debug.xcconfig */,
				66232F805F932102A8A9E0AD /* Pods-EquipmentManagement.release.xcconfig */,
			);
			path = Pods;
			sourceTree = "<group>";
		};
		14201BA196D14C3494851FF1 /* Frameworks */ = {
			isa = PBXGroup;
			children = (
				41A25117CDC02D222499D8F2 /* Pods_EquipmentManagement.framework */,
			);
			name = Frameworks;
			sourceTree = "<group>";
		};
		46569A21290DDA0C00CA20A2 /* Model */ = {
			isa = PBXGroup;
			children = (
				46569A24290DDAF200CA20A2 /* EquipmentModel.swift */,
				46F0BCD2290F7C1D00F325A3 /* History.swift */,
			);
			path = Model;
			sourceTree = "<group>";
		};
		46569A22290DDA3400CA20A2 /* Controller */ = {
			isa = PBXGroup;
			children = (
				46B1318D290BB6AE00343EFD /* ViewController.swift */,
				46EA0B99290BC53A007AD60B /* DashboardViewController.swift */,
				46569A26290DE90700CA20A2 /* PerformMaintainanceViewController.swift */,
				46F0BCCE290F7ADD00F325A3 /* ViewHistoryTableViewController.swift */,
				46F0BCD0290F7B3000F325A3 /* ViewHistoryTableViewCell.swift */,
			);
			path = Controller;
			sourceTree = "<group>";
		};
		46569A23290DDA3E00CA20A2 /* View */ = {
			isa = PBXGroup;
			children = (
				46B1318F290BB6AE00343EFD /* Main.storyboard */,
			);
			path = View;
			sourceTree = "<group>";
		};
		46B1317D290BB6AE00343EFD = {
			isa = PBXGroup;
			children = (
				46B13188290BB6AE00343EFD /* EquipmentManagement */,
				46B13187290BB6AE00343EFD /* Products */,
				113D26763B24BB08BC6857EB /* Pods */,
				14201BA196D14C3494851FF1 /* Frameworks */,
			);
			sourceTree = "<group>";
		};
		46B13187290BB6AE00343EFD /* Products */ = {
			isa = PBXGroup;
			children = (
				46B13186290BB6AE00343EFD /* EquipmentManagement.app */,
			);
			name = Products;
			sourceTree = "<group>";
		};
		46B13188290BB6AE00343EFD /* EquipmentManagement */ = {
			isa = PBXGroup;
			children = (
				46569A23290DDA3E00CA20A2 /* View */,
				46569A22290DDA3400CA20A2 /* Controller */,
				46569A21290DDA0C00CA20A2 /* Model */,
				46EA0B92290BBFC4007AD60B /* Utilities */,
				46B13189290BB6AE00343EFD /* AppDelegate.swift */,
				46B1318B290BB6AE00343EFD /* SceneDelegate.swift */,
				46B13192290BB6B000343EFD /* Assets.xcassets */,
				46B13194290BB6B000343EFD /* LaunchScreen.storyboard */,
				46B13197290BB6B000343EFD /* Info.plist */,
				46B1319D290BB78400343EFD /* GoogleService-Info.plist */,
			);
			path = EquipmentManagement;
			sourceTree = "<group>";
		};
		46EA0B92290BBFC4007AD60B /* Utilities */ = {
			isa = PBXGroup;
			children = (
				46EA0B93290BBFDD007AD60B /* StringExtension.swift */,
				46EA0B95290BC103007AD60B /* KeychainService.swift */,
			);
			path = Utilities;
			sourceTree = "<group>";
		};
/* End PBXGroup section */

/* Begin PBXNativeTarget section */
		46B13185290BB6AE00343EFD /* EquipmentManagement */ = {
			isa = PBXNativeTarget;
			buildConfigurationList = 46B1319A290BB6B000343EFD /* Build configuration list for PBXNativeTarget "EquipmentManagement" */;
			buildPhases = (
				BC10B187213838AD2DCC6F8F /* [CP] Check Pods Manifest.lock */,
				46B13182290BB6AE00343EFD /* Sources */,
				46B13183290BB6AE00343EFD /* Frameworks */,
				46B13184290BB6AE00343EFD /* Resources */,
				7BE43D293A78E72A08241B5A /* [CP] Embed Pods Frameworks */,
			);
			buildRules = (
			);
			dependencies = (
			);
			name = EquipmentManagement;
			productName = EquipmentManagement;
			productReference = 46B13186290BB6AE00343EFD /* EquipmentManagement.app */;
			productType = "com.apple.product-type.application";
		};
/* End PBXNativeTarget section */

/* Begin PBXProject section */
		46B1317E290BB6AE00343EFD /* Project object */ = {
			isa = PBXProject;
			attributes = {
				BuildIndependentTargetsInParallel = 1;
				LastSwiftUpdateCheck = 1400;
				LastUpgradeCheck = 1400;
				TargetAttributes = {
					46B13185290BB6AE00343EFD = {
						CreatedOnToolsVersion = 14.0.1;
					};
				};
			};
			buildConfigurationList = 46B13181290BB6AE00343EFD /* Build configuration list for PBXProject "EquipmentManagement" */;
			compatibilityVersion = "Xcode 14.0";
			developmentRegion = en;
			hasScannedForEncodings = 0;
			knownRegions = (
				en,
				Base,
			);
			mainGroup = 46B1317D290BB6AE00343EFD;
			productRefGroup = 46B13187290BB6AE00343EFD /* Products */;
			projectDirPath = "";
			projectRoot = "";
			targets = (
				46B13185290BB6AE00343EFD /* EquipmentManagement */,
			);
		};
/* End PBXProject section */

/* Begin PBXResourcesBuildPhase section */
		46B13184290BB6AE00343EFD /* Resources */ = {
			isa = PBXResourcesBuildPhase;
			buildActionMask = 2147483647;
			files = (
				46B13196290BB6B000343EFD /* LaunchScreen.storyboard in Resources */,
				46B1319E290BB79400343EFD /* GoogleService-Info.plist in Resources */,
				46B13193290BB6B000343EFD /* Assets.xcassets in Resources */,
				46B13191290BB6AE00343EFD /* Main.storyboard in Resources */,
			);
			runOnlyForDeploymentPostprocessing = 0;
		};
/* End PBXResourcesBuildPhase section */

/* Begin PBXShellScriptBuildPhase section */
		7BE43D293A78E72A08241B5A /* [CP] Embed Pods Frameworks */ = {
			isa = PBXShellScriptBuildPhase;
			buildActionMask = 2147483647;
			files = (
			);
			inputFileListPaths = (
				"${PODS_ROOT}/Target Support Files/Pods-EquipmentManagement/Pods-EquipmentManagement-frameworks-${CONFIGURATION}-input-files.xcfilelist",
			);
			name = "[CP] Embed Pods Frameworks";
			outputFileListPaths = (
				"${PODS_ROOT}/Target Support Files/Pods-EquipmentManagement/Pods-EquipmentManagement-frameworks-${CONFIGURATION}-output-files.xcfilelist",
			);
			runOnlyForDeploymentPostprocessing = 0;
			shellPath = /bin/sh;
			shellScript = "\"${PODS_ROOT}/Target Support Files/Pods-EquipmentManagement/Pods-EquipmentManagement-frameworks.sh\"\n";
			showEnvVarsInLog = 0;
		};
		BC10B187213838AD2DCC6F8F /* [CP] Check Pods Manifest.lock */ = {
			isa = PBXShellScriptBuildPhase;
			buildActionMask = 2147483647;
			files = (
			);
			inputFileListPaths = (
			);
			inputPaths = (
				"${PODS_PODFILE_DIR_PATH}/Podfile.lock",
				"${PODS_ROOT}/Manifest.lock",
			);
			name = "[CP] Check Pods Manifest.lock";
			outputFileListPaths = (
			);
			outputPaths = (
				"$(DERIVED_FILE_DIR)/Pods-EquipmentManagement-checkManifestLockResult.txt",
			);
			runOnlyForDeploymentPostprocessing = 0;
			shellPath = /bin/sh;
			shellScript = "diff \"${PODS_PODFILE_DIR_PATH}/Podfile.lock\" \"${PODS_ROOT}/Manifest.lock\" > /dev/null\nif [ $? != 0 ] ; then\n    # print error to STDERR\n    echo \"error: The sandbox is not in sync with the Podfile.lock. Run 'pod install' or update your CocoaPods installation.\" >&2\n    exit 1\nfi\n# This output is used by Xcode 'outputs' to avoid re-running this script phase.\necho \"SUCCESS\" > \"${SCRIPT_OUTPUT_FILE_0}\"\n";
			showEnvVarsInLog = 0;
		};
/* End PBXShellScriptBuildPhase section */

/* Begin PBXSourcesBuildPhase section */
		46B13182290BB6AE00343EFD /* Sources */ = {
			isa = PBXSourcesBuildPhase;
			buildActionMask = 2147483647;
			files = (
				46EA0B94290BBFDD007AD60B /* StringExtension.swift in Sources */,
				46F0BCCF290F7ADD00F325A3 /* ViewHistoryTableViewController.swift in Sources */,
				46EA0B9A290BC53A007AD60B /* DashboardViewController.swift in Sources */,
				46F0BCD3290F7C1D00F325A3 /* History.swift in Sources */,
				46B1318E290BB6AE00343EFD /* ViewController.swift in Sources */,
				46569A25290DDAF200CA20A2 /* EquipmentModel.swift in Sources */,
				46569A27290DE90700CA20A2 /* PerformMaintainanceViewController.swift in Sources */,
				46B1318A290BB6AE00343EFD /* AppDelegate.swift in Sources */,
				46EA0B96290BC103007AD60B /* KeychainService.swift in Sources */,
				46B1318C290BB6AE00343EFD /* SceneDelegate.swift in Sources */,
				46F0BCD1290F7B3000F325A3 /* ViewHistoryTableViewCell.swift in Sources */,
			);
			runOnlyForDeploymentPostprocessing = 0;
		};
/* End PBXSourcesBuildPhase section */

/* Begin PBXVariantGroup section */
		46B1318F290BB6AE00343EFD /* Main.storyboard */ = {
			isa = PBXVariantGroup;
			children = (
				46B13190290BB6AE00343EFD /* Base */,
			);
			name = Main.storyboard;
			sourceTree = "<group>";
		};
		46B13194290BB6B000343EFD /* LaunchScreen.storyboard */ = {
			isa = PBXVariantGroup;
			children = (
				46B13195290BB6B000343EFD /* Base */,
			);
			name = LaunchScreen.storyboard;
			sourceTree = "<group>";
		};
/* End PBXVariantGroup section */

/* Begin XCBuildConfiguration section */
		46B13198290BB6B000343EFD /* Debug */ = {
			isa = XCBuildConfiguration;
			buildSettings = {
				ALWAYS_SEARCH_USER_PATHS = NO;
				CLANG_ANALYZER_NONNULL = YES;
				CLANG_ANALYZER_NUMBER_OBJECT_CONVERSION = YES_AGGRESSIVE;
				CLANG_CXX_LANGUAGE_STANDARD = "gnu++20";
				CLANG_ENABLE_MODULES = YES;
				CLANG_ENABLE_OBJC_ARC = YES;
				CLANG_ENABLE_OBJC_WEAK = YES;
				CLANG_WARN_BLOCK_CAPTURE_AUTORELEASING = YES;
				CLANG_WARN_BOOL_CONVERSION = YES;
				CLANG_WARN_COMMA = YES;
				CLANG_WARN_CONSTANT_CONVERSION = YES;
				CLANG_WARN_DEPRECATED_OBJC_IMPLEMENTATIONS = YES;
				CLANG_WARN_DIRECT_OBJC_ISA_USAGE = YES_ERROR;
				CLANG_WARN_DOCUMENTATION_COMMENTS = YES;
				CLANG_WARN_EMPTY_BODY = YES;
				CLANG_WARN_ENUM_CONVERSION = YES;
				CLANG_WARN_INFINITE_RECURSION = YES;
				CLANG_WARN_INT_CONVERSION = YES;
				CLANG_WARN_NON_LITERAL_NULL_CONVERSION = YES;
				CLANG_WARN_OBJC_IMPLICIT_RETAIN_SELF = YES;
				CLANG_WARN_OBJC_LITERAL_CONVERSION = YES;
				CLANG_WARN_OBJC_ROOT_CLASS = YES_ERROR;
				CLANG_WARN_QUOTED_INCLUDE_IN_FRAMEWORK_HEADER = YES;
				CLANG_WARN_RANGE_LOOP_ANALYSIS = YES;
				CLANG_WARN_STRICT_PROTOTYPES = YES;
				CLANG_WARN_SUSPICIOUS_MOVE = YES;
				CLANG_WARN_UNGUARDED_AVAILABILITY = YES_AGGRESSIVE;
				CLANG_WARN_UNREACHABLE_CODE = YES;
				CLANG_WARN__DUPLICATE_METHOD_MATCH = YES;
				COPY_PHASE_STRIP = NO;
				DEBUG_INFORMATION_FORMAT = dwarf;
				ENABLE_STRICT_OBJC_MSGSEND = YES;
				ENABLE_TESTABILITY = YES;
				GCC_C_LANGUAGE_STANDARD = gnu11;
				GCC_DYNAMIC_NO_PIC = NO;
				GCC_NO_COMMON_BLOCKS = YES;
				GCC_OPTIMIZATION_LEVEL = 0;
				GCC_PREPROCESSOR_DEFINITIONS = (
					"DEBUG=1",
					"$(inherited)",
				);
				GCC_WARN_64_TO_32_BIT_CONVERSION = YES;
				GCC_WARN_ABOUT_RETURN_TYPE = YES_ERROR;
				GCC_WARN_UNDECLARED_SELECTOR = YES;
				GCC_WARN_UNINITIALIZED_AUTOS = YES_AGGRESSIVE;
				GCC_WARN_UNUSED_FUNCTION = YES;
				GCC_WARN_UNUSED_VARIABLE = YES;
				IPHONEOS_DEPLOYMENT_TARGET = 16.0;
				MTL_ENABLE_DEBUG_INFO = INCLUDE_SOURCE;
				MTL_FAST_MATH = YES;
				ONLY_ACTIVE_ARCH = YES;
				SDKROOT = iphoneos;
				SWIFT_ACTIVE_COMPILATION_CONDITIONS = DEBUG;
				SWIFT_OPTIMIZATION_LEVEL = "-Onone";
			};
			name = Debug;
		};
		46B13199290BB6B000343EFD /* Release */ = {
			isa = XCBuildConfiguration;
			buildSettings = {
				ALWAYS_SEARCH_USER_PATHS = NO;
				CLANG_ANALYZER_NONNULL = YES;
				CLANG_ANALYZER_NUMBER_OBJECT_CONVERSION = YES_AGGRESSIVE;
				CLANG_CXX_LANGUAGE_STANDARD = "gnu++20";
				CLANG_ENABLE_MODULES = YES;
				CLANG_ENABLE_OBJC_ARC = YES;
				CLANG_ENABLE_OBJC_WEAK = YES;
				CLANG_WARN_BLOCK_CAPTURE_AUTORELEASING = YES;
				CLANG_WARN_BOOL_CONVERSION = YES;
				CLANG_WARN_COMMA = YES;
				CLANG_WARN_CONSTANT_CONVERSION = YES;
				CLANG_WARN_DEPRECATED_OBJC_IMPLEMENTATIONS = YES;
				CLANG_WARN_DIRECT_OBJC_ISA_USAGE = YES_ERROR;
				CLANG_WARN_DOCUMENTATION_COMMENTS = YES;
				CLANG_WARN_EMPTY_BODY = YES;
				CLANG_WARN_ENUM_CONVERSION = YES;
				CLANG_WARN_INFINITE_RECURSION = YES;
				CLANG_WARN_INT_CONVERSION = YES;
				CLANG_WARN_NON_LITERAL_NULL_CONVERSION = YES;
				CLANG_WARN_OBJC_IMPLICIT_RETAIN_SELF = YES;
				CLANG_WARN_OBJC_LITERAL_CONVERSION = YES;
				CLANG_WARN_OBJC_ROOT_CLASS = YES_ERROR;
				CLANG_WARN_QUOTED_INCLUDE_IN_FRAMEWORK_HEADER = YES;
				CLANG_WARN_RANGE_LOOP_ANALYSIS = YES;
				CLANG_WARN_STRICT_PROTOTYPES = YES;
				CLANG_WARN_SUSPICIOUS_MOVE = YES;
				CLANG_WARN_UNGUARDED_AVAILABILITY = YES_AGGRESSIVE;
				CLANG_WARN_UNREACHABLE_CODE = YES;
				CLANG_WARN__DUPLICATE_METHOD_MATCH = YES;
				COPY_PHASE_STRIP = NO;
				DEBUG_INFORMATION_FORMAT = "dwarf-with-dsym";
				ENABLE_NS_ASSERTIONS = NO;
				ENABLE_STRICT_OBJC_MSGSEND = YES;
				GCC_C_LANGUAGE_STANDARD = gnu11;
				GCC_NO_COMMON_BLOCKS = YES;
				GCC_WARN_64_TO_32_BIT_CONVERSION = YES;
				GCC_WARN_ABOUT_RETURN_TYPE = YES_ERROR;
				GCC_WARN_UNDECLARED_SELECTOR = YES;
				GCC_WARN_UNINITIALIZED_AUTOS = YES_AGGRESSIVE;
				GCC_WARN_UNUSED_FUNCTION = YES;
				GCC_WARN_UNUSED_VARIABLE = YES;
				IPHONEOS_DEPLOYMENT_TARGET = 16.0;
				MTL_ENABLE_DEBUG_INFO = NO;
				MTL_FAST_MATH = YES;
				SDKROOT = iphoneos;
				SWIFT_COMPILATION_MODE = wholemodule;
				SWIFT_OPTIMIZATION_LEVEL = "-O";
				VALIDATE_PRODUCT = YES;
			};
			name = Release;
		};
		46B1319B290BB6B000343EFD /* Debug */ = {
			isa = XCBuildConfiguration;
			baseConfigurationReference = 75B4A4F8E0B13C5C9BF47A32 /* Pods-EquipmentManagement.debug.xcconfig */;
			buildSettings = {
				ASSETCATALOG_COMPILER_APPICON_NAME = AppIcon;
				ASSETCATALOG_COMPILER_GLOBAL_ACCENT_COLOR_NAME = AccentColor;
				CODE_SIGN_STYLE = Automatic;
				CURRENT_PROJECT_VERSION = 1;
				DEVELOPMENT_TEAM = DJQS9YSS64;
				GENERATE_INFOPLIST_FILE = YES;
				INFOPLIST_FILE = EquipmentManagement/Info.plist;
				INFOPLIST_KEY_UIApplicationSupportsIndirectInputEvents = YES;
				INFOPLIST_KEY_UILaunchStoryboardName = LaunchScreen;
				INFOPLIST_KEY_UIMainStoryboardFile = Main;
				INFOPLIST_KEY_UISupportedInterfaceOrientations_iPad = "UIInterfaceOrientationPortrait UIInterfaceOrientationPortraitUpsideDown UIInterfaceOrientationLandscapeLeft UIInterfaceOrientationLandscapeRight";
				INFOPLIST_KEY_UISupportedInterfaceOrientations_iPhone = "UIInterfaceOrientationPortrait UIInterfaceOrientationLandscapeLeft UIInterfaceOrientationLandscapeRight";
				LD_RUNPATH_SEARCH_PATHS = (
					"$(inherited)",
					"@executable_path/Frameworks",
				);
				MARKETING_VERSION = 1.0;
				PRODUCT_BUNDLE_IDENTIFIER = edu.northeastern.ashish.EquipmentManagement;
				PRODUCT_NAME = "$(TARGET_NAME)";
				SWIFT_EMIT_LOC_STRINGS = YES;
				SWIFT_VERSION = 5.0;
				TARGETED_DEVICE_FAMILY = "1,2";
			};
			name = Debug;
		};
		46B1319C290BB6B000343EFD /* Release */ = {
			isa = XCBuildConfiguration;
			baseConfigurationReference = 66232F805F932102A8A9E0AD /* Pods-EquipmentManagement.release.xcconfig */;
			buildSettings = {
				ASSETCATALOG_COMPILER_APPICON_NAME = AppIcon;
				ASSETCATALOG_COMPILER_GLOBAL_ACCENT_COLOR_NAME = AccentColor;
				CODE_SIGN_STYLE = Automatic;
				CURRENT_PROJECT_VERSION = 1;
				DEVELOPMENT_TEAM = DJQS9YSS64;
				GENERATE_INFOPLIST_FILE = YES;
				INFOPLIST_FILE = EquipmentManagement/Info.plist;
				INFOPLIST_KEY_UIApplicationSupportsIndirectInputEvents = YES;
				INFOPLIST_KEY_UILaunchStoryboardName = LaunchScreen;
				INFOPLIST_KEY_UIMainStoryboardFile = Main;
				INFOPLIST_KEY_UISupportedInterfaceOrientations_iPad = "UIInterfaceOrientationPortrait UIInterfaceOrientationPortraitUpsideDown UIInterfaceOrientationLandscapeLeft UIInterfaceOrientationLandscapeRight";
				INFOPLIST_KEY_UISupportedInterfaceOrientations_iPhone = "UIInterfaceOrientationPortrait UIInterfaceOrientationLandscapeLeft UIInterfaceOrientationLandscapeRight";
				LD_RUNPATH_SEARCH_PATHS = (
					"$(inherited)",
					"@executable_path/Frameworks",
				);
				MARKETING_VERSION = 1.0;
				PRODUCT_BUNDLE_IDENTIFIER = edu.northeastern.ashish.EquipmentManagement;
				PRODUCT_NAME = "$(TARGET_NAME)";
				SWIFT_EMIT_LOC_STRINGS = YES;
				SWIFT_VERSION = 5.0;
				TARGETED_DEVICE_FAMILY = "1,2";
			};
			name = Release;
		};
/* End XCBuildConfiguration section */

/* Begin XCConfigurationList section */
		46B13181290BB6AE00343EFD /* Build configuration list for PBXProject "EquipmentManagement" */ = {
			isa = XCConfigurationList;
			buildConfigurations = (
				46B13198290BB6B000343EFD /* Debug */,
				46B13199290BB6B000343EFD /* Release */,
			);
			defaultConfigurationIsVisible = 0;
			defaultConfigurationName = Release;
		};
		46B1319A290BB6B000343EFD /* Build configuration list for PBXNativeTarget "EquipmentManagement" */ = {
			isa = XCConfigurationList;
			buildConfigurations = (
				46B1319B290BB6B000343EFD /* Debug */,
				46B1319C290BB6B000343EFD /* Release */,
			);
			defaultConfigurationIsVisible = 0;
			defaultConfigurationName = Release;
		};
/* End XCConfigurationList section */
	};
	rootObject = 46B1317E290BB6AE00343EFD /* Project object */;
}
