// !$*UTF8*$!
{
	archiveVersion = 1;
	classes = {
	};
	objectVersion = 56;
	objects = {

/* Begin PBXBuildFile section */
		469EE09929171C9600972DB5 /* KeyChainService.swift in Sources */ = {isa = PBXBuildFile; fileRef = 469EE09829171C9600972DB5 /* KeyChainService.swift */; };
		469EE09B29171CD000972DB5 /* StringExtension.swift in Sources */ = {isa = PBXBuildFile; fileRef = 469EE09A29171CD000972DB5 /* StringExtension.swift */; };
		469EE09D291720B400972DB5 /* DashboardViewController.swift in Sources */ = {isa = PBXBuildFile; fileRef = 469EE09C291720B400972DB5 /* DashboardViewController.swift */; };
		46F0BCE129170AD500F325A3 /* AppDelegate.swift in Sources */ = {isa = PBXBuildFile; fileRef = 46F0BCE029170AD500F325A3 /* AppDelegate.swift */; };
		46F0BCE329170AD500F325A3 /* SceneDelegate.swift in Sources */ = {isa = PBXBuildFile; fileRef = 46F0BCE229170AD500F325A3 /* SceneDelegate.swift */; };
		46F0BCE529170AD500F325A3 /* ViewController.swift in Sources */ = {isa = PBXBuildFile; fileRef = 46F0BCE429170AD500F325A3 /* ViewController.swift */; };
		46F0BCE829170AD500F325A3 /* Main.storyboard in Resources */ = {isa = PBXBuildFile; fileRef = 46F0BCE629170AD500F325A3 /* Main.storyboard */; };
		46F0BCEA29170AD700F325A3 /* Assets.xcassets in Resources */ = {isa = PBXBuildFile; fileRef = 46F0BCE929170AD700F325A3 /* Assets.xcassets */; };
		46F0BCED29170AD700F325A3 /* LaunchScreen.storyboard in Resources */ = {isa = PBXBuildFile; fileRef = 46F0BCEB29170AD700F325A3 /* LaunchScreen.storyboard */; };
		46F0BCF529170D4A00F325A3 /* GoogleService-Info.plist in Resources */ = {isa = PBXBuildFile; fileRef = 46F0BCF429170D2C00F325A3 /* GoogleService-Info.plist */; };
		75CFED6B3281B1FB49860F02 /* Pods_PatientHealthChart.framework in Frameworks */ = {isa = PBXBuildFile; fileRef = AA2124BCF25CCEECEC2F1608 /* Pods_PatientHealthChart.framework */; };
/* End PBXBuildFile section */

/* Begin PBXFileReference section */
		469EE09829171C9600972DB5 /* KeyChainService.swift */ = {isa = PBXFileReference; lastKnownFileType = sourcecode.swift; path = KeyChainService.swift; sourceTree = "<group>"; };
		469EE09A29171CD000972DB5 /* StringExtension.swift */ = {isa = PBXFileReference; lastKnownFileType = sourcecode.swift; path = StringExtension.swift; sourceTree = "<group>"; };
		469EE09C291720B400972DB5 /* DashboardViewController.swift */ = {isa = PBXFileReference; lastKnownFileType = sourcecode.swift; path = DashboardViewController.swift; sourceTree = "<group>"; };
		46F0BCDD29170AD500F325A3 /* PatientHealthChart.app */ = {isa = PBXFileReference; explicitFileType = wrapper.application; includeInIndex = 0; path = PatientHealthChart.app; sourceTree = BUILT_PRODUCTS_DIR; };
		46F0BCE029170AD500F325A3 /* AppDelegate.swift */ = {isa = PBXFileReference; lastKnownFileType = sourcecode.swift; path = AppDelegate.swift; sourceTree = "<group>"; };
		46F0BCE229170AD500F325A3 /* SceneDelegate.swift */ = {isa = PBXFileReference; lastKnownFileType = sourcecode.swift; path = SceneDelegate.swift; sourceTree = "<group>"; };
		46F0BCE429170AD500F325A3 /* ViewController.swift */ = {isa = PBXFileReference; lastKnownFileType = sourcecode.swift; path = ViewController.swift; sourceTree = "<group>"; };
		46F0BCE729170AD500F325A3 /* Base */ = {isa = PBXFileReference; lastKnownFileType = file.storyboard; name = Base; path = Base.lproj/Main.storyboard; sourceTree = "<group>"; };
		46F0BCE929170AD700F325A3 /* Assets.xcassets */ = {isa = PBXFileReference; lastKnownFileType = folder.assetcatalog; path = Assets.xcassets; sourceTree = "<group>"; };
		46F0BCEC29170AD700F325A3 /* Base */ = {isa = PBXFileReference; lastKnownFileType = file.storyboard; name = Base; path = Base.lproj/LaunchScreen.storyboard; sourceTree = "<group>"; };
		46F0BCEE29170AD700F325A3 /* Info.plist */ = {isa = PBXFileReference; lastKnownFileType = text.plist.xml; path = Info.plist; sourceTree = "<group>"; };
		46F0BCF429170D2C00F325A3 /* GoogleService-Info.plist */ = {isa = PBXFileReference; lastKnownFileType = text.plist.xml; path = "GoogleService-Info.plist"; sourceTree = "<group>"; };
		4C7EEAE1285059D3BFCB66DB /* Pods-PatientHealthChart.debug.xcconfig */ = {isa = PBXFileReference; includeInIndex = 1; lastKnownFileType = text.xcconfig; name = "Pods-PatientHealthChart.debug.xcconfig"; path = "Target Support Files/Pods-PatientHealthChart/Pods-PatientHealthChart.debug.xcconfig"; sourceTree = "<group>"; };
		AA2124BCF25CCEECEC2F1608 /* Pods_PatientHealthChart.framework */ = {isa = PBXFileReference; explicitFileType = wrapper.framework; includeInIndex = 0; path = Pods_PatientHealthChart.framework; sourceTree = BUILT_PRODUCTS_DIR; };
		FAF100B1ECF0A8772A8E26C7 /* Pods-PatientHealthChart.release.xcconfig */ = {isa = PBXFileReference; includeInIndex = 1; lastKnownFileType = text.xcconfig; name = "Pods-PatientHealthChart.release.xcconfig"; path = "Target Support Files/Pods-PatientHealthChart/Pods-PatientHealthChart.release.xcconfig"; sourceTree = "<group>"; };
/* End PBXFileReference section */

/* Begin PBXFrameworksBuildPhase section */
		46F0BCDA29170AD500F325A3 /* Frameworks */ = {
			isa = PBXFrameworksBuildPhase;
			buildActionMask = 2147483647;
			files = (
				75CFED6B3281B1FB49860F02 /* Pods_PatientHealthChart.framework in Frameworks */,
			);
			runOnlyForDeploymentPostprocessing = 0;
		};
/* End PBXFrameworksBuildPhase section */

/* Begin PBXGroup section */
		374DD5523D388104F9674623 /* Frameworks */ = {
			isa = PBXGroup;
			children = (
				AA2124BCF25CCEECEC2F1608 /* Pods_PatientHealthChart.framework */,
			);
			name = Frameworks;
			sourceTree = "<group>";
		};
		469EE0942917168E00972DB5 /* Model */ = {
			isa = PBXGroup;
			children = (
			);
			path = Model;
			sourceTree = "<group>";
		};
		469EE0952917169600972DB5 /* View */ = {
			isa = PBXGroup;
			children = (
				46F0BCE629170AD500F325A3 /* Main.storyboard */,
			);
			path = View;
			sourceTree = "<group>";
		};
		469EE0962917169C00972DB5 /* Controller */ = {
			isa = PBXGroup;
			children = (
				46F0BCE429170AD500F325A3 /* ViewController.swift */,
				469EE09C291720B400972DB5 /* DashboardViewController.swift */,
			);
			path = Controller;
			sourceTree = "<group>";
		};
		469EE09729171C6300972DB5 /* Utilities */ = {
			isa = PBXGroup;
			children = (
				469EE09829171C9600972DB5 /* KeyChainService.swift */,
				469EE09A29171CD000972DB5 /* StringExtension.swift */,
			);
			path = Utilities;
			sourceTree = "<group>";
		};
		46F0BCD429170AD500F325A3 = {
			isa = PBXGroup;
			children = (
				46F0BCDF29170AD500F325A3 /* PatientHealthChart */,
				46F0BCDE29170AD500F325A3 /* Products */,
				BD92704BA81534D1AFDF8F89 /* Pods */,
				374DD5523D388104F9674623 /* Frameworks */,
			);
			sourceTree = "<group>";
		};
		46F0BCDE29170AD500F325A3 /* Products */ = {
			isa = PBXGroup;
			children = (
				46F0BCDD29170AD500F325A3 /* PatientHealthChart.app */,
			);
			name = Products;
			sourceTree = "<group>";
		};
		46F0BCDF29170AD500F325A3 /* PatientHealthChart */ = {
			isa = PBXGroup;
			children = (
				469EE09729171C6300972DB5 /* Utilities */,
				469EE0962917169C00972DB5 /* Controller */,
				469EE0952917169600972DB5 /* View */,
				469EE0942917168E00972DB5 /* Model */,
				46F0BCE029170AD500F325A3 /* AppDelegate.swift */,
				46F0BCE229170AD500F325A3 /* SceneDelegate.swift */,
				46F0BCE929170AD700F325A3 /* Assets.xcassets */,
				46F0BCEB29170AD700F325A3 /* LaunchScreen.storyboard */,
				46F0BCEE29170AD700F325A3 /* Info.plist */,
				46F0BCF429170D2C00F325A3 /* GoogleService-Info.plist */,
			);
			path = PatientHealthChart;
			sourceTree = "<group>";
		};
		BD92704BA81534D1AFDF8F89 /* Pods */ = {
			isa = PBXGroup;
			children = (
				4C7EEAE1285059D3BFCB66DB /* Pods-PatientHealthChart.debug.xcconfig */,
				FAF100B1ECF0A8772A8E26C7 /* Pods-PatientHealthChart.release.xcconfig */,
			);
			path = Pods;
			sourceTree = "<group>";
		};
/* End PBXGroup section */

/* Begin PBXNativeTarget section */
		46F0BCDC29170AD500F325A3 /* PatientHealthChart */ = {
			isa = PBXNativeTarget;
			buildConfigurationList = 46F0BCF129170AD700F325A3 /* Build configuration list for PBXNativeTarget "PatientHealthChart" */;
			buildPhases = (
				8B150A1BB4AB7650839B1E92 /* [CP] Check Pods Manifest.lock */,
				46F0BCD929170AD500F325A3 /* Sources */,
				46F0BCDA29170AD500F325A3 /* Frameworks */,
				46F0BCDB29170AD500F325A3 /* Resources */,
				C7BCC58003C4E0A84484966A /* [CP] Embed Pods Frameworks */,
			);
			buildRules = (
			);
			dependencies = (
			);
			name = PatientHealthChart;
			productName = PatientHealthChart;
			productReference = 46F0BCDD29170AD500F325A3 /* PatientHealthChart.app */;
			productType = "com.apple.product-type.application";
		};
/* End PBXNativeTarget section */

/* Begin PBXProject section */
		46F0BCD529170AD500F325A3 /* Project object */ = {
			isa = PBXProject;
			attributes = {
				BuildIndependentTargetsInParallel = 1;
				LastSwiftUpdateCheck = 1400;
				LastUpgradeCheck = 1400;
				TargetAttributes = {
					46F0BCDC29170AD500F325A3 = {
						CreatedOnToolsVersion = 14.0.1;
					};
				};
			};
			buildConfigurationList = 46F0BCD829170AD500F325A3 /* Build configuration list for PBXProject "PatientHealthChart" */;
			compatibilityVersion = "Xcode 14.0";
			developmentRegion = en;
			hasScannedForEncodings = 0;
			knownRegions = (
				en,
				Base,
			);
			mainGroup = 46F0BCD429170AD500F325A3;
			productRefGroup = 46F0BCDE29170AD500F325A3 /* Products */;
			projectDirPath = "";
			projectRoot = "";
			targets = (
				46F0BCDC29170AD500F325A3 /* PatientHealthChart */,
			);
		};
/* End PBXProject section */

/* Begin PBXResourcesBuildPhase section */
		46F0BCDB29170AD500F325A3 /* Resources */ = {
			isa = PBXResourcesBuildPhase;
			buildActionMask = 2147483647;
			files = (
				46F0BCED29170AD700F325A3 /* LaunchScreen.storyboard in Resources */,
				46F0BCF529170D4A00F325A3 /* GoogleService-Info.plist in Resources */,
				46F0BCEA29170AD700F325A3 /* Assets.xcassets in Resources */,
				46F0BCE829170AD500F325A3 /* Main.storyboard in Resources */,
			);
			runOnlyForDeploymentPostprocessing = 0;
		};
/* End PBXResourcesBuildPhase section */

/* Begin PBXShellScriptBuildPhase section */
		8B150A1BB4AB7650839B1E92 /* [CP] Check Pods Manifest.lock */ = {
			isa = PBXShellScriptBuildPhase;
			buildActionMask = 2147483647;
			files = (
			);
			inputFileListPaths = (
			);
			inputPaths = (
				"${PODS_PODFILE_DIR_PATH}/Podfile.lock",
				"${PODS_ROOT}/Manifest.lock",
			);
			name = "[CP] Check Pods Manifest.lock";
			outputFileListPaths = (
			);
			outputPaths = (
				"$(DERIVED_FILE_DIR)/Pods-PatientHealthChart-checkManifestLockResult.txt",
			);
			runOnlyForDeploymentPostprocessing = 0;
			shellPath = /bin/sh;
			shellScript = "diff \"${PODS_PODFILE_DIR_PATH}/Podfile.lock\" \"${PODS_ROOT}/Manifest.lock\" > /dev/null\nif [ $? != 0 ] ; then\n    # print error to STDERR\n    echo \"error: The sandbox is not in sync with the Podfile.lock. Run 'pod install' or update your CocoaPods installation.\" >&2\n    exit 1\nfi\n# This output is used by Xcode 'outputs' to avoid re-running this script phase.\necho \"SUCCESS\" > \"${SCRIPT_OUTPUT_FILE_0}\"\n";
			showEnvVarsInLog = 0;
		};
		C7BCC58003C4E0A84484966A /* [CP] Embed Pods Frameworks */ = {
			isa = PBXShellScriptBuildPhase;
			buildActionMask = 2147483647;
			files = (
			);
			inputFileListPaths = (
				"${PODS_ROOT}/Target Support Files/Pods-PatientHealthChart/Pods-PatientHealthChart-frameworks-${CONFIGURATION}-input-files.xcfilelist",
			);
			name = "[CP] Embed Pods Frameworks";
			outputFileListPaths = (
				"${PODS_ROOT}/Target Support Files/Pods-PatientHealthChart/Pods-PatientHealthChart-frameworks-${CONFIGURATION}-output-files.xcfilelist",
			);
			runOnlyForDeploymentPostprocessing = 0;
			shellPath = /bin/sh;
			shellScript = "\"${PODS_ROOT}/Target Support Files/Pods-PatientHealthChart/Pods-PatientHealthChart-frameworks.sh\"\n";
			showEnvVarsInLog = 0;
		};
/* End PBXShellScriptBuildPhase section */

/* Begin PBXSourcesBuildPhase section */
		46F0BCD929170AD500F325A3 /* Sources */ = {
			isa = PBXSourcesBuildPhase;
			buildActionMask = 2147483647;
			files = (
				46F0BCE529170AD500F325A3 /* ViewController.swift in Sources */,
				469EE09D291720B400972DB5 /* DashboardViewController.swift in Sources */,
				469EE09929171C9600972DB5 /* KeyChainService.swift in Sources */,
				469EE09B29171CD000972DB5 /* StringExtension.swift in Sources */,
				46F0BCE129170AD500F325A3 /* AppDelegate.swift in Sources */,
				46F0BCE329170AD500F325A3 /* SceneDelegate.swift in Sources */,
			);
			runOnlyForDeploymentPostprocessing = 0;
		};
/* End PBXSourcesBuildPhase section */

/* Begin PBXVariantGroup section */
		46F0BCE629170AD500F325A3 /* Main.storyboard */ = {
			isa = PBXVariantGroup;
			children = (
				46F0BCE729170AD500F325A3 /* Base */,
			);
			name = Main.storyboard;
			sourceTree = "<group>";
		};
		46F0BCEB29170AD700F325A3 /* LaunchScreen.storyboard */ = {
			isa = PBXVariantGroup;
			children = (
				46F0BCEC29170AD700F325A3 /* Base */,
			);
			name = LaunchScreen.storyboard;
			sourceTree = "<group>";
		};
/* End PBXVariantGroup section */

/* Begin XCBuildConfiguration section */
		46F0BCEF29170AD700F325A3 /* Debug */ = {
			isa = XCBuildConfiguration;
			buildSettings = {
				ALWAYS_SEARCH_USER_PATHS = NO;
				CLANG_ANALYZER_NONNULL = YES;
				CLANG_ANALYZER_NUMBER_OBJECT_CONVERSION = YES_AGGRESSIVE;
				CLANG_CXX_LANGUAGE_STANDARD = "gnu++20";
				CLANG_ENABLE_MODULES = YES;
				CLANG_ENABLE_OBJC_ARC = YES;
				CLANG_ENABLE_OBJC_WEAK = YES;
				CLANG_WARN_BLOCK_CAPTURE_AUTORELEASING = YES;
				CLANG_WARN_BOOL_CONVERSION = YES;
				CLANG_WARN_COMMA = YES;
				CLANG_WARN_CONSTANT_CONVERSION = YES;
				CLANG_WARN_DEPRECATED_OBJC_IMPLEMENTATIONS = YES;
				CLANG_WARN_DIRECT_OBJC_ISA_USAGE = YES_ERROR;
				CLANG_WARN_DOCUMENTATION_COMMENTS = YES;
				CLANG_WARN_EMPTY_BODY = YES;
				CLANG_WARN_ENUM_CONVERSION = YES;
				CLANG_WARN_INFINITE_RECURSION = YES;
				CLANG_WARN_INT_CONVERSION = YES;
				CLANG_WARN_NON_LITERAL_NULL_CONVERSION = YES;
				CLANG_WARN_OBJC_IMPLICIT_RETAIN_SELF = YES;
				CLANG_WARN_OBJC_LITERAL_CONVERSION = YES;
				CLANG_WARN_OBJC_ROOT_CLASS = YES_ERROR;
				CLANG_WARN_QUOTED_INCLUDE_IN_FRAMEWORK_HEADER = YES;
				CLANG_WARN_RANGE_LOOP_ANALYSIS = YES;
				CLANG_WARN_STRICT_PROTOTYPES = YES;
				CLANG_WARN_SUSPICIOUS_MOVE = YES;
				CLANG_WARN_UNGUARDED_AVAILABILITY = YES_AGGRESSIVE;
				CLANG_WARN_UNREACHABLE_CODE = YES;
				CLANG_WARN__DUPLICATE_METHOD_MATCH = YES;
				COPY_PHASE_STRIP = NO;
				DEBUG_INFORMATION_FORMAT = dwarf;
				ENABLE_STRICT_OBJC_MSGSEND = YES;
				ENABLE_TESTABILITY = YES;
				GCC_C_LANGUAGE_STANDARD = gnu11;
				GCC_DYNAMIC_NO_PIC = NO;
				GCC_NO_COMMON_BLOCKS = YES;
				GCC_OPTIMIZATION_LEVEL = 0;
				GCC_PREPROCESSOR_DEFINITIONS = (
					"DEBUG=1",
					"$(inherited)",
				);
				GCC_WARN_64_TO_32_BIT_CONVERSION = YES;
				GCC_WARN_ABOUT_RETURN_TYPE = YES_ERROR;
				GCC_WARN_UNDECLARED_SELECTOR = YES;
				GCC_WARN_UNINITIALIZED_AUTOS = YES_AGGRESSIVE;
				GCC_WARN_UNUSED_FUNCTION = YES;
				GCC_WARN_UNUSED_VARIABLE = YES;
				IPHONEOS_DEPLOYMENT_TARGET = 16.0;
				MTL_ENABLE_DEBUG_INFO = INCLUDE_SOURCE;
				MTL_FAST_MATH = YES;
				ONLY_ACTIVE_ARCH = YES;
				SDKROOT = iphoneos;
				SWIFT_ACTIVE_COMPILATION_CONDITIONS = DEBUG;
				SWIFT_OPTIMIZATION_LEVEL = "-Onone";
			};
			name = Debug;
		};
		46F0BCF029170AD700F325A3 /* Release */ = {
			isa = XCBuildConfiguration;
			buildSettings = {
				ALWAYS_SEARCH_USER_PATHS = NO;
				CLANG_ANALYZER_NONNULL = YES;
				CLANG_ANALYZER_NUMBER_OBJECT_CONVERSION = YES_AGGRESSIVE;
				CLANG_CXX_LANGUAGE_STANDARD = "gnu++20";
				CLANG_ENABLE_MODULES = YES;
				CLANG_ENABLE_OBJC_ARC = YES;
				CLANG_ENABLE_OBJC_WEAK = YES;
				CLANG_WARN_BLOCK_CAPTURE_AUTORELEASING = YES;
				CLANG_WARN_BOOL_CONVERSION = YES;
				CLANG_WARN_COMMA = YES;
				CLANG_WARN_CONSTANT_CONVERSION = YES;
				CLANG_WARN_DEPRECATED_OBJC_IMPLEMENTATIONS = YES;
				CLANG_WARN_DIRECT_OBJC_ISA_USAGE = YES_ERROR;
				CLANG_WARN_DOCUMENTATION_COMMENTS = YES;
				CLANG_WARN_EMPTY_BODY = YES;
				CLANG_WARN_ENUM_CONVERSION = YES;
				CLANG_WARN_INFINITE_RECURSION = YES;
				CLANG_WARN_INT_CONVERSION = YES;
				CLANG_WARN_NON_LITERAL_NULL_CONVERSION = YES;
				CLANG_WARN_OBJC_IMPLICIT_RETAIN_SELF = YES;
				CLANG_WARN_OBJC_LITERAL_CONVERSION = YES;
				CLANG_WARN_OBJC_ROOT_CLASS = YES_ERROR;
				CLANG_WARN_QUOTED_INCLUDE_IN_FRAMEWORK_HEADER = YES;
				CLANG_WARN_RANGE_LOOP_ANALYSIS = YES;
				CLANG_WARN_STRICT_PROTOTYPES = YES;
				CLANG_WARN_SUSPICIOUS_MOVE = YES;
				CLANG_WARN_UNGUARDED_AVAILABILITY = YES_AGGRESSIVE;
				CLANG_WARN_UNREACHABLE_CODE = YES;
				CLANG_WARN__DUPLICATE_METHOD_MATCH = YES;
				COPY_PHASE_STRIP = NO;
				DEBUG_INFORMATION_FORMAT = "dwarf-with-dsym";
				ENABLE_NS_ASSERTIONS = NO;
				ENABLE_STRICT_OBJC_MSGSEND = YES;
				GCC_C_LANGUAGE_STANDARD = gnu11;
				GCC_NO_COMMON_BLOCKS = YES;
				GCC_WARN_64_TO_32_BIT_CONVERSION = YES;
				GCC_WARN_ABOUT_RETURN_TYPE = YES_ERROR;
				GCC_WARN_UNDECLARED_SELECTOR = YES;
				GCC_WARN_UNINITIALIZED_AUTOS = YES_AGGRESSIVE;
				GCC_WARN_UNUSED_FUNCTION = YES;
				GCC_WARN_UNUSED_VARIABLE = YES;
				IPHONEOS_DEPLOYMENT_TARGET = 16.0;
				MTL_ENABLE_DEBUG_INFO = NO;
				MTL_FAST_MATH = YES;
				SDKROOT = iphoneos;
				SWIFT_COMPILATION_MODE = wholemodule;
				SWIFT_OPTIMIZATION_LEVEL = "-O";
				VALIDATE_PRODUCT = YES;
			};
			name = Release;
		};
		46F0BCF229170AD700F325A3 /* Debug */ = {
			isa = XCBuildConfiguration;
			baseConfigurationReference = 4C7EEAE1285059D3BFCB66DB /* Pods-PatientHealthChart.debug.xcconfig */;
			buildSettings = {
				ASSETCATALOG_COMPILER_APPICON_NAME = AppIcon;
				ASSETCATALOG_COMPILER_GLOBAL_ACCENT_COLOR_NAME = AccentColor;
				CODE_SIGN_STYLE = Automatic;
				CURRENT_PROJECT_VERSION = 1;
				DEVELOPMENT_TEAM = DJQS9YSS64;
				GENERATE_INFOPLIST_FILE = YES;
				INFOPLIST_FILE = PatientHealthChart/Info.plist;
				INFOPLIST_KEY_UIApplicationSupportsIndirectInputEvents = YES;
				INFOPLIST_KEY_UILaunchStoryboardName = LaunchScreen;
				INFOPLIST_KEY_UIMainStoryboardFile = Main;
				INFOPLIST_KEY_UISupportedInterfaceOrientations_iPad = "UIInterfaceOrientationPortrait UIInterfaceOrientationPortraitUpsideDown UIInterfaceOrientationLandscapeLeft UIInterfaceOrientationLandscapeRight";
				INFOPLIST_KEY_UISupportedInterfaceOrientations_iPhone = "UIInterfaceOrientationPortrait UIInterfaceOrientationLandscapeLeft UIInterfaceOrientationLandscapeRight";
				LD_RUNPATH_SEARCH_PATHS = (
					"$(inherited)",
					"@executable_path/Frameworks",
				);
				MARKETING_VERSION = 1.0;
				PRODUCT_BUNDLE_IDENTIFIER = edu.northeastern.ashish.PatientHealthChart;
				PRODUCT_NAME = "$(TARGET_NAME)";
				SWIFT_EMIT_LOC_STRINGS = YES;
				SWIFT_VERSION = 5.0;
				TARGETED_DEVICE_FAMILY = "1,2";
			};
			name = Debug;
		};
		46F0BCF329170AD700F325A3 /* Release */ = {
			isa = XCBuildConfiguration;
			baseConfigurationReference = FAF100B1ECF0A8772A8E26C7 /* Pods-PatientHealthChart.release.xcconfig */;
			buildSettings = {
				ASSETCATALOG_COMPILER_APPICON_NAME = AppIcon;
				ASSETCATALOG_COMPILER_GLOBAL_ACCENT_COLOR_NAME = AccentColor;
				CODE_SIGN_STYLE = Automatic;
				CURRENT_PROJECT_VERSION = 1;
				DEVELOPMENT_TEAM = DJQS9YSS64;
				GENERATE_INFOPLIST_FILE = YES;
				INFOPLIST_FILE = PatientHealthChart/Info.plist;
				INFOPLIST_KEY_UIApplicationSupportsIndirectInputEvents = YES;
				INFOPLIST_KEY_UILaunchStoryboardName = LaunchScreen;
				INFOPLIST_KEY_UIMainStoryboardFile = Main;
				INFOPLIST_KEY_UISupportedInterfaceOrientations_iPad = "UIInterfaceOrientationPortrait UIInterfaceOrientationPortraitUpsideDown UIInterfaceOrientationLandscapeLeft UIInterfaceOrientationLandscapeRight";
				INFOPLIST_KEY_UISupportedInterfaceOrientations_iPhone = "UIInterfaceOrientationPortrait UIInterfaceOrientationLandscapeLeft UIInterfaceOrientationLandscapeRight";
				LD_RUNPATH_SEARCH_PATHS = (
					"$(inherited)",
					"@executable_path/Frameworks",
				);
				MARKETING_VERSION = 1.0;
				PRODUCT_BUNDLE_IDENTIFIER = edu.northeastern.ashish.PatientHealthChart;
				PRODUCT_NAME = "$(TARGET_NAME)";
				SWIFT_EMIT_LOC_STRINGS = YES;
				SWIFT_VERSION = 5.0;
				TARGETED_DEVICE_FAMILY = "1,2";
			};
			name = Release;
		};
/* End XCBuildConfiguration section */

/* Begin XCConfigurationList section */
		46F0BCD829170AD500F325A3 /* Build configuration list for PBXProject "PatientHealthChart" */ = {
			isa = XCConfigurationList;
			buildConfigurations = (
				46F0BCEF29170AD700F325A3 /* Debug */,
				46F0BCF029170AD700F325A3 /* Release */,
			);
			defaultConfigurationIsVisible = 0;
			defaultConfigurationName = Release;
		};
		46F0BCF129170AD700F325A3 /* Build configuration list for PBXNativeTarget "PatientHealthChart" */ = {
			isa = XCConfigurationList;
			buildConfigurations = (
				46F0BCF229170AD700F325A3 /* Debug */,
				46F0BCF329170AD700F325A3 /* Release */,
			);
			defaultConfigurationIsVisible = 0;
			defaultConfigurationName = Release;
		};
/* End XCConfigurationList section */
	};
	rootObject = 46F0BCD529170AD500F325A3 /* Project object */;
}
